// !$*UTF8*$!
{
	archiveVersion = 1;
	classes = {
	};
	objectVersion = 46;
	objects = {

/* Begin PBXBuildFile section */
		D015791018ACD9F500AA3803 /* FlappyBall152x152.png in Resources */ = {isa = PBXBuildFile; fileRef = D015790718ACD9F500AA3803 /* FlappyBall152x152.png */; };
		D015791118ACD9F500AA3803 /* FlappyBallIcon60x60.png in Resources */ = {isa = PBXBuildFile; fileRef = D015790818ACD9F500AA3803 /* FlappyBallIcon60x60.png */; };
		D048A83F18ACAAAB00411DF9 /* facebook_share.png in Resources */ = {isa = PBXBuildFile; fileRef = D048A83D18ACAAAB00411DF9 /* facebook_share.png */; };
		D048A84018ACAAAB00411DF9 /* twitter_share.png in Resources */ = {isa = PBXBuildFile; fileRef = D048A83E18ACAAAB00411DF9 /* twitter_share.png */; };
		D048A84618ACB25200411DF9 /* GameKit.framework in Frameworks */ = {isa = PBXBuildFile; fileRef = D048A84518ACB25200411DF9 /* GameKit.framework */; };
		D04BEBA518ADECAD00DB72F5 /* Floor.png in Resources */ = {isa = PBXBuildFile; fileRef = D04BEBA418ADECAD00DB72F5 /* Floor.png */; };
		D04F704218AA1197000509AA /* Social.framework in Frameworks */ = {isa = PBXBuildFile; fileRef = D04F704118AA1197000509AA /* Social.framework */; };
		D07F418018A4D8C7009680FD /* iAd.framework in Frameworks */ = {isa = PBXBuildFile; fileRef = D07F417F18A4D8C7009680FD /* iAd.framework */; };
		D08FE3E418B305F10031D798 /* AppDelegate.m in Sources */ = {isa = PBXBuildFile; fileRef = D08FE3B318B305F10031D798 /* AppDelegate.m */; };
		D08FE3E518B305F10031D798 /* BackgroundView.m in Sources */ = {isa = PBXBuildFile; fileRef = D08FE3B618B305F10031D798 /* BackgroundView.m */; };
		D08FE3E618B305F10031D798 /* FloorView.xib in Resources */ = {isa = PBXBuildFile; fileRef = D08FE3B718B305F10031D798 /* FloorView.xib */; };
		D08FE3E718B305F10031D798 /* GameConstants.m in Sources */ = {isa = PBXBuildFile; fileRef = D08FE3B918B305F10031D798 /* GameConstants.m */; };
		D08FE3E818B305F10031D798 /* GameViewController.m in Sources */ = {isa = PBXBuildFile; fileRef = D08FE3BB18B305F10031D798 /* GameViewController.m */; };
		D08FE3E918B305F10031D798 /* LadyBugView.m in Sources */ = {isa = PBXBuildFile; fileRef = D08FE3BD18B305F10031D798 /* LadyBugView.m */; };
		D08FE3EA18B305F10031D798 /* MainView.m in Sources */ = {isa = PBXBuildFile; fileRef = D08FE3BF18B305F10031D798 /* MainView.m */; };
		D08FE3EB18B305F10031D798 /* MenuView.m in Sources */ = {isa = PBXBuildFile; fileRef = D08FE3C118B305F10031D798 /* MenuView.m */; };
		D08FE3EC18B305F10031D798 /* NotificationManager.m in Sources */ = {isa = PBXBuildFile; fileRef = D08FE3C318B305F10031D798 /* NotificationManager.m */; };
		D08FE3ED18B305F10031D798 /* PipeView.m in Sources */ = {isa = PBXBuildFile; fileRef = D08FE3C518B305F10031D798 /* PipeView.m */; };
		D08FE3EE18B305F10031D798 /* ResultView.m in Sources */ = {isa = PBXBuildFile; fileRef = D08FE3C718B305F10031D798 /* ResultView.m */; };
		D08FE3EF18B305F10031D798 /* TutorialView.m in Sources */ = {isa = PBXBuildFile; fileRef = D08FE3C918B305F10031D798 /* TutorialView.m */; };
		D08FE3F218B305F10031D798 /* Images.xcassets in Resources */ = {isa = PBXBuildFile; fileRef = D08FE3CE18B305F10031D798 /* Images.xcassets */; };
		D08FE3F318B305F10031D798 /* main.m in Sources */ = {isa = PBXBuildFile; fileRef = D08FE3CF18B305F10031D798 /* main.m */; };
		D08FE3F418B305F10031D798 /* BackgroundView.xib in Resources */ = {isa = PBXBuildFile; fileRef = D08FE3D118B305F10031D798 /* BackgroundView.xib */; };
		D08FE3F518B305F10031D798 /* BackgroundView~ipad.xib in Resources */ = {isa = PBXBuildFile; fileRef = D08FE3D218B305F10031D798 /* BackgroundView~ipad.xib */; };
		D08FE3F618B305F10031D798 /* FloorView.m in Sources */ = {isa = PBXBuildFile; fileRef = D08FE3D418B305F10031D798 /* FloorView.m */; };
		D08FE3F718B305F10031D798 /* GameViewController.xib in Resources */ = {isa = PBXBuildFile; fileRef = D08FE3D518B305F10031D798 /* GameViewController.xib */; };
		D08FE3F818B305F10031D798 /* GameViewController~ipad.xib in Resources */ = {isa = PBXBuildFile; fileRef = D08FE3D618B305F10031D798 /* GameViewController~ipad.xib */; };
		D08FE3F918B305F10031D798 /* LadyBugView.xib in Resources */ = {isa = PBXBuildFile; fileRef = D08FE3D718B305F10031D798 /* LadyBugView.xib */; };
		D08FE3FA18B305F10031D798 /* LadyBugView~ipad.xib in Resources */ = {isa = PBXBuildFile; fileRef = D08FE3D818B305F10031D798 /* LadyBugView~ipad.xib */; };
		D08FE3FB18B305F10031D798 /* MainView.xib in Resources */ = {isa = PBXBuildFile; fileRef = D08FE3D918B305F10031D798 /* MainView.xib */; };
		D08FE3FC18B305F10031D798 /* MainView~ipad.xib in Resources */ = {isa = PBXBuildFile; fileRef = D08FE3DA18B305F10031D798 /* MainView~ipad.xib */; };
		D08FE3FD18B305F10031D798 /* MainWindow.xib in Resources */ = {isa = PBXBuildFile; fileRef = D08FE3DB18B305F10031D798 /* MainWindow.xib */; };
		D08FE3FE18B305F10031D798 /* MenuView.xib in Resources */ = {isa = PBXBuildFile; fileRef = D08FE3DC18B305F10031D798 /* MenuView.xib */; };
		D08FE3FF18B305F10031D798 /* MenuView~ipad.xib in Resources */ = {isa = PBXBuildFile; fileRef = D08FE3DD18B305F10031D798 /* MenuView~ipad.xib */; };
		D08FE40018B305F10031D798 /* PipeView.xib in Resources */ = {isa = PBXBuildFile; fileRef = D08FE3DE18B305F10031D798 /* PipeView.xib */; };
		D08FE40118B305F10031D798 /* PipeView~ipad.xib in Resources */ = {isa = PBXBuildFile; fileRef = D08FE3DF18B305F10031D798 /* PipeView~ipad.xib */; };
		D08FE40218B305F10031D798 /* ResultView.xib in Resources */ = {isa = PBXBuildFile; fileRef = D08FE3E018B305F10031D798 /* ResultView.xib */; };
		D08FE40318B305F10031D798 /* ResultView~ipad.xib in Resources */ = {isa = PBXBuildFile; fileRef = D08FE3E118B305F10031D798 /* ResultView~ipad.xib */; };
		D08FE40418B305F10031D798 /* TutorialView.xib in Resources */ = {isa = PBXBuildFile; fileRef = D08FE3E218B305F10031D798 /* TutorialView.xib */; };
		D08FE40518B305F10031D798 /* TutorialView~ipad.xib in Resources */ = {isa = PBXBuildFile; fileRef = D08FE3E318B305F10031D798 /* TutorialView~ipad.xib */; };
		D091236E18CC26770050B59F /* AppDelegateBase.m in Sources */ = {isa = PBXBuildFile; fileRef = D091232B18CC26770050B59F /* AppDelegateBase.m */; };
		D091236F18CC26770050B59F /* Base.m in Sources */ = {isa = PBXBuildFile; fileRef = D091232E18CC26770050B59F /* Base.m */; };
		D091237018CC26770050B59F /* GameCenterHelperBase.m in Sources */ = {isa = PBXBuildFile; fileRef = D091233018CC26770050B59F /* GameCenterHelperBase.m */; };
		D091237118CC26770050B59F /* GameLoopTimer.m in Sources */ = {isa = PBXBuildFile; fileRef = D091233218CC26770050B59F /* GameLoopTimer.m */; };
		D091237218CC26770050B59F /* Hex.m in Sources */ = {isa = PBXBuildFile; fileRef = D091233418CC26770050B59F /* Hex.m */; };
		D091237318CC26770050B59F /* NotificationManagerBase.m in Sources */ = {isa = PBXBuildFile; fileRef = D091233618CC26770050B59F /* NotificationManagerBase.m */; };
		D091237418CC26770050B59F /* XibView.m in Sources */ = {isa = PBXBuildFile; fileRef = D091233818CC26770050B59F /* XibView.m */; };
		D091237518CC26770050B59F /* ProgressBarComponent.m in Sources */ = {isa = PBXBuildFile; fileRef = D091233B18CC26770050B59F /* ProgressBarComponent.m */; };
		D091237618CC26770050B59F /* WorldObjectProperties.m in Sources */ = {isa = PBXBuildFile; fileRef = D091233E18CC26770050B59F /* WorldObjectProperties.m */; };
		D091237718CC26770050B59F /* WorldObjectView.m in Sources */ = {isa = PBXBuildFile; fileRef = D091234018CC26770050B59F /* WorldObjectView.m */; };
		D091237818CC26770050B59F /* SoundEffect.m in Sources */ = {isa = PBXBuildFile; fileRef = D091234318CC26770050B59F /* SoundEffect.m */; };
		D091237918CC26770050B59F /* SoundEffectHelper.m in Sources */ = {isa = PBXBuildFile; fileRef = D091234518CC26770050B59F /* SoundEffectHelper.m */; };
		D091237A18CC26770050B59F /* SoundManager.m in Sources */ = {isa = PBXBuildFile; fileRef = D091234718CC26770050B59F /* SoundManager.m */; };
		D091237B18CC26770050B59F /* AnimUtil.m in Sources */ = {isa = PBXBuildFile; fileRef = D091234A18CC26770050B59F /* AnimUtil.m */; };
		D091237C18CC26770050B59F /* NSArray+Util.m in Sources */ = {isa = PBXBuildFile; fileRef = D091234C18CC26770050B59F /* NSArray+Util.m */; };
		D091237D18CC26770050B59F /* UIView+ViewUtil.m in Sources */ = {isa = PBXBuildFile; fileRef = D091234E18CC26770050B59F /* UIView+ViewUtil.m */; };
		D091237E18CC26770050B59F /* Utils.m in Sources */ = {isa = PBXBuildFile; fileRef = D091235018CC26770050B59F /* Utils.m */; };
		D091237F18CC26770050B59F /* FXLabel.m in Sources */ = {isa = PBXBuildFile; fileRef = D091235318CC26770050B59F /* FXLabel.m */; };
		D091238018CC26770050B59F /* GameCenterManager.m in Sources */ = {isa = PBXBuildFile; fileRef = D091235718CC26770050B59F /* GameCenterManager.m */; settings = {COMPILER_FLAGS = "-fno-objc-arc"; }; };
		D091238118CC26770050B59F /* IAPHelper.m in Sources */ = {isa = PBXBuildFile; fileRef = D091235A18CC26770050B59F /* IAPHelper.m */; };
		D091238218CC26770050B59F /* iRate.bundle in Resources */ = {isa = PBXBuildFile; fileRef = D091235C18CC26770050B59F /* iRate.bundle */; };
		D091238318CC26770050B59F /* iRate.m in Sources */ = {isa = PBXBuildFile; fileRef = D091235E18CC26770050B59F /* iRate.m */; };
		D091238518CC26770050B59F /* PromoBannerView.m in Sources */ = {isa = PBXBuildFile; fileRef = D091236418CC26770050B59F /* PromoBannerView.m */; };
		D091238618CC26770050B59F /* PromoBannerView.xib in Resources */ = {isa = PBXBuildFile; fileRef = D091236518CC26770050B59F /* PromoBannerView.xib */; };
		D091238718CC26770050B59F /* PromoBannerView~ipad.xib in Resources */ = {isa = PBXBuildFile; fileRef = D091236618CC26770050B59F /* PromoBannerView~ipad.xib */; };
		D091238818CC26770050B59F /* PromoGameData.m in Sources */ = {isa = PBXBuildFile; fileRef = D091236818CC26770050B59F /* PromoGameData.m */; };
		D091238918CC26770050B59F /* PromoManager.m in Sources */ = {isa = PBXBuildFile; fileRef = D091236A18CC26770050B59F /* PromoManager.m */; };
		D091238A18CC26770050B59F /* THLabel.m in Sources */ = {isa = PBXBuildFile; fileRef = D091236D18CC26770050B59F /* THLabel.m */; };
		D0C79E8018AF4BFD0032BDB8 /* FlappyBall2.png in Resources */ = {isa = PBXBuildFile; fileRef = D0C79E7F18AF4BFD0032BDB8 /* FlappyBall2.png */; };
		D0DFFCF118DC2C3B001424DF /* FlappyBallIcon100x100.png in Resources */ = {isa = PBXBuildFile; fileRef = D0DFFCED18DC2C3B001424DF /* FlappyBallIcon100x100.png */; };
		D0DFFCF218DC2C3B001424DF /* NGIcon120.png in Resources */ = {isa = PBXBuildFile; fileRef = D0DFFCEE18DC2C3B001424DF /* NGIcon120.png */; };
		D0DFFCF318DC2C3B001424DF /* RushyKnightIcon120.png in Resources */ = {isa = PBXBuildFile; fileRef = D0DFFCEF18DC2C3B001424DF /* RushyKnightIcon120.png */; };
		D0DFFCF418DC2C3B001424DF /* WTNappicon120x120.png in Resources */ = {isa = PBXBuildFile; fileRef = D0DFFCF018DC2C3B001424DF /* WTNappicon120x120.png */; };
		D0E30E8518A376E300FFD3CE /* Foundation.framework in Frameworks */ = {isa = PBXBuildFile; fileRef = D0E30E8418A376E300FFD3CE /* Foundation.framework */; };
		D0E30E8718A376E300FFD3CE /* CoreGraphics.framework in Frameworks */ = {isa = PBXBuildFile; fileRef = D0E30E8618A376E300FFD3CE /* CoreGraphics.framework */; };
		D0E30E8918A376E300FFD3CE /* UIKit.framework in Frameworks */ = {isa = PBXBuildFile; fileRef = D0E30E8818A376E300FFD3CE /* UIKit.framework */; };
		D0E30EA418A376E300FFD3CE /* XCTest.framework in Frameworks */ = {isa = PBXBuildFile; fileRef = D0E30EA318A376E300FFD3CE /* XCTest.framework */; };
		D0E30EA518A376E300FFD3CE /* Foundation.framework in Frameworks */ = {isa = PBXBuildFile; fileRef = D0E30E8418A376E300FFD3CE /* Foundation.framework */; };
		D0E30EA618A376E300FFD3CE /* UIKit.framework in Frameworks */ = {isa = PBXBuildFile; fileRef = D0E30E8818A376E300FFD3CE /* UIKit.framework */; };
		D0E30EDF18A37D6400FFD3CE /* QuartzCore.framework in Frameworks */ = {isa = PBXBuildFile; fileRef = D0E30EDE18A37D6400FFD3CE /* QuartzCore.framework */; };
		D0E48D7118B9B40B0052F48D /* Wall160x960.png in Resources */ = {isa = PBXBuildFile; fileRef = D0E48D7018B9B40A0052F48D /* Wall160x960.png */; };
		D0E48D7918B9DD9C0052F48D /* Hallelujah.caf in Resources */ = {isa = PBXBuildFile; fileRef = D0E48D7818B9DD9C0052F48D /* Hallelujah.caf */; };
		D0E48D7F18B9E1D10052F48D /* dun1.caf in Resources */ = {isa = PBXBuildFile; fileRef = D0E48D7C18B9E1D10052F48D /* dun1.caf */; };
		D0E48D8018B9E1D10052F48D /* dun2.caf in Resources */ = {isa = PBXBuildFile; fileRef = D0E48D7D18B9E1D10052F48D /* dun2.caf */; };
		D0E48D8118B9E1D10052F48D /* dun3.caf in Resources */ = {isa = PBXBuildFile; fileRef = D0E48D7E18B9E1D10052F48D /* dun3.caf */; };
		D0EDB82818A8A55100C103F5 /* bumpEffect.caf in Resources */ = {isa = PBXBuildFile; fileRef = D0EDB82718A8A55100C103F5 /* bumpEffect.caf */; };
		D0EE1F2D18AB4BE800AD7C8F /* blingEffect.caf in Resources */ = {isa = PBXBuildFile; fileRef = D0EE1F2C18AB4BE800AD7C8F /* blingEffect.caf */; };
		D0F7853818A8659F00CA1ADA /* bounceEffect.caf in Resources */ = {isa = PBXBuildFile; fileRef = D0F7853718A8659F00CA1ADA /* bounceEffect.caf */; };
/* End PBXBuildFile section */

/* Begin PBXContainerItemProxy section */
		D0E30EA718A376E300FFD3CE /* PBXContainerItemProxy */ = {
			isa = PBXContainerItemProxy;
			containerPortal = D0E30E7918A376E300FFD3CE /* Project object */;
			proxyType = 1;
			remoteGlobalIDString = D0E30E8018A376E300FFD3CE;
			remoteInfo = Bird;
		};
/* End PBXContainerItemProxy section */

/* Begin PBXFileReference section */
		D015790718ACD9F500AA3803 /* FlappyBall152x152.png */ = {isa = PBXFileReference; lastKnownFileType = image.png; path = FlappyBall152x152.png; sourceTree = "<group>"; };
		D015790818ACD9F500AA3803 /* FlappyBallIcon60x60.png */ = {isa = PBXFileReference; lastKnownFileType = image.png; path = FlappyBallIcon60x60.png; sourceTree = "<group>"; };
		D048A83D18ACAAAB00411DF9 /* facebook_share.png */ = {isa = PBXFileReference; lastKnownFileType = image.png; path = facebook_share.png; sourceTree = "<group>"; };
		D048A83E18ACAAAB00411DF9 /* twitter_share.png */ = {isa = PBXFileReference; lastKnownFileType = image.png; path = twitter_share.png; sourceTree = "<group>"; };
		D048A84518ACB25200411DF9 /* GameKit.framework */ = {isa = PBXFileReference; lastKnownFileType = wrapper.framework; name = GameKit.framework; path = System/Library/Frameworks/GameKit.framework; sourceTree = SDKROOT; };
		D04BEBA418ADECAD00DB72F5 /* Floor.png */ = {isa = PBXFileReference; lastKnownFileType = image.png; path = Floor.png; sourceTree = "<group>"; };
		D04F704118AA1197000509AA /* Social.framework */ = {isa = PBXFileReference; lastKnownFileType = wrapper.framework; name = Social.framework; path = System/Library/Frameworks/Social.framework; sourceTree = SDKROOT; };
		D07F417F18A4D8C7009680FD /* iAd.framework */ = {isa = PBXFileReference; lastKnownFileType = wrapper.framework; name = iAd.framework; path = System/Library/Frameworks/iAd.framework; sourceTree = SDKROOT; };
		D08FE3B218B305F10031D798 /* AppDelegate.h */ = {isa = PBXFileReference; fileEncoding = 4; lastKnownFileType = sourcecode.c.h; path = AppDelegate.h; sourceTree = "<group>"; };
		D08FE3B318B305F10031D798 /* AppDelegate.m */ = {isa = PBXFileReference; fileEncoding = 4; lastKnownFileType = sourcecode.c.objc; path = AppDelegate.m; sourceTree = "<group>"; };
		D08FE3B518B305F10031D798 /* BackgroundView.h */ = {isa = PBXFileReference; fileEncoding = 4; lastKnownFileType = sourcecode.c.h; path = BackgroundView.h; sourceTree = "<group>"; };
		D08FE3B618B305F10031D798 /* BackgroundView.m */ = {isa = PBXFileReference; fileEncoding = 4; lastKnownFileType = sourcecode.c.objc; path = BackgroundView.m; sourceTree = "<group>"; };
		D08FE3B718B305F10031D798 /* FloorView.xib */ = {isa = PBXFileReference; fileEncoding = 4; lastKnownFileType = file.xib; path = FloorView.xib; sourceTree = "<group>"; };
		D08FE3B818B305F10031D798 /* GameConstants.h */ = {isa = PBXFileReference; fileEncoding = 4; lastKnownFileType = sourcecode.c.h; path = GameConstants.h; sourceTree = "<group>"; };
		D08FE3B918B305F10031D798 /* GameConstants.m */ = {isa = PBXFileReference; fileEncoding = 4; lastKnownFileType = sourcecode.c.objc; path = GameConstants.m; sourceTree = "<group>"; };
		D08FE3BA18B305F10031D798 /* GameViewController.h */ = {isa = PBXFileReference; fileEncoding = 4; lastKnownFileType = sourcecode.c.h; path = GameViewController.h; sourceTree = "<group>"; };
		D08FE3BB18B305F10031D798 /* GameViewController.m */ = {isa = PBXFileReference; fileEncoding = 4; lastKnownFileType = sourcecode.c.objc; path = GameViewController.m; sourceTree = "<group>"; };
		D08FE3BC18B305F10031D798 /* LadyBugView.h */ = {isa = PBXFileReference; fileEncoding = 4; lastKnownFileType = sourcecode.c.h; path = LadyBugView.h; sourceTree = "<group>"; };
		D08FE3BD18B305F10031D798 /* LadyBugView.m */ = {isa = PBXFileReference; fileEncoding = 4; lastKnownFileType = sourcecode.c.objc; path = LadyBugView.m; sourceTree = "<group>"; };
		D08FE3BE18B305F10031D798 /* MainView.h */ = {isa = PBXFileReference; fileEncoding = 4; lastKnownFileType = sourcecode.c.h; path = MainView.h; sourceTree = "<group>"; };
		D08FE3BF18B305F10031D798 /* MainView.m */ = {isa = PBXFileReference; fileEncoding = 4; lastKnownFileType = sourcecode.c.objc; path = MainView.m; sourceTree = "<group>"; };
		D08FE3C018B305F10031D798 /* MenuView.h */ = {isa = PBXFileReference; fileEncoding = 4; lastKnownFileType = sourcecode.c.h; path = MenuView.h; sourceTree = "<group>"; };
		D08FE3C118B305F10031D798 /* MenuView.m */ = {isa = PBXFileReference; fileEncoding = 4; lastKnownFileType = sourcecode.c.objc; path = MenuView.m; sourceTree = "<group>"; };
		D08FE3C218B305F10031D798 /* NotificationManager.h */ = {isa = PBXFileReference; fileEncoding = 4; lastKnownFileType = sourcecode.c.h; path = NotificationManager.h; sourceTree = "<group>"; };
		D08FE3C318B305F10031D798 /* NotificationManager.m */ = {isa = PBXFileReference; fileEncoding = 4; lastKnownFileType = sourcecode.c.objc; path = NotificationManager.m; sourceTree = "<group>"; };
		D08FE3C418B305F10031D798 /* PipeView.h */ = {isa = PBXFileReference; fileEncoding = 4; lastKnownFileType = sourcecode.c.h; path = PipeView.h; sourceTree = "<group>"; };
		D08FE3C518B305F10031D798 /* PipeView.m */ = {isa = PBXFileReference; fileEncoding = 4; lastKnownFileType = sourcecode.c.objc; path = PipeView.m; sourceTree = "<group>"; };
		D08FE3C618B305F10031D798 /* ResultView.h */ = {isa = PBXFileReference; fileEncoding = 4; lastKnownFileType = sourcecode.c.h; path = ResultView.h; sourceTree = "<group>"; };
		D08FE3C718B305F10031D798 /* ResultView.m */ = {isa = PBXFileReference; fileEncoding = 4; lastKnownFileType = sourcecode.c.objc; path = ResultView.m; sourceTree = "<group>"; };
		D08FE3C818B305F10031D798 /* TutorialView.h */ = {isa = PBXFileReference; fileEncoding = 4; lastKnownFileType = sourcecode.c.h; path = TutorialView.h; sourceTree = "<group>"; };
		D08FE3C918B305F10031D798 /* TutorialView.m */ = {isa = PBXFileReference; fileEncoding = 4; lastKnownFileType = sourcecode.c.objc; path = TutorialView.m; sourceTree = "<group>"; };
		D08FE3CB18B305F10031D798 /* en */ = {isa = PBXFileReference; lastKnownFileType = text.plist.strings; name = en; path = en.lproj/InfoPlist.strings; sourceTree = "<group>"; };
		D08FE3CC18B305F10031D798 /* FloppyBall-Info.plist */ = {isa = PBXFileReference; fileEncoding = 4; lastKnownFileType = text.plist.xml; path = "FloppyBall-Info.plist"; sourceTree = "<group>"; };
		D08FE3CD18B305F10031D798 /* FloppyBall-Prefix.pch */ = {isa = PBXFileReference; fileEncoding = 4; lastKnownFileType = sourcecode.c.h; path = "FloppyBall-Prefix.pch"; sourceTree = "<group>"; };
		D08FE3CE18B305F10031D798 /* Images.xcassets */ = {isa = PBXFileReference; lastKnownFileType = folder.assetcatalog; path = Images.xcassets; sourceTree = "<group>"; };
		D08FE3CF18B305F10031D798 /* main.m */ = {isa = PBXFileReference; fileEncoding = 4; lastKnownFileType = sourcecode.c.objc; path = main.m; sourceTree = "<group>"; };
		D08FE3D118B305F10031D798 /* BackgroundView.xib */ = {isa = PBXFileReference; fileEncoding = 4; lastKnownFileType = file.xib; path = BackgroundView.xib; sourceTree = "<group>"; };
		D08FE3D218B305F10031D798 /* BackgroundView~ipad.xib */ = {isa = PBXFileReference; fileEncoding = 4; lastKnownFileType = file.xib; path = "BackgroundView~ipad.xib"; sourceTree = "<group>"; };
		D08FE3D318B305F10031D798 /* FloorView.h */ = {isa = PBXFileReference; fileEncoding = 4; lastKnownFileType = sourcecode.c.h; path = FloorView.h; sourceTree = "<group>"; };
		D08FE3D418B305F10031D798 /* FloorView.m */ = {isa = PBXFileReference; fileEncoding = 4; lastKnownFileType = sourcecode.c.objc; path = FloorView.m; sourceTree = "<group>"; };
		D08FE3D518B305F10031D798 /* GameViewController.xib */ = {isa = PBXFileReference; fileEncoding = 4; lastKnownFileType = file.xib; path = GameViewController.xib; sourceTree = "<group>"; };
		D08FE3D618B305F10031D798 /* GameViewController~ipad.xib */ = {isa = PBXFileReference; fileEncoding = 4; lastKnownFileType = file.xib; path = "GameViewController~ipad.xib"; sourceTree = "<group>"; };
		D08FE3D718B305F10031D798 /* LadyBugView.xib */ = {isa = PBXFileReference; fileEncoding = 4; lastKnownFileType = file.xib; path = LadyBugView.xib; sourceTree = "<group>"; };
		D08FE3D818B305F10031D798 /* LadyBugView~ipad.xib */ = {isa = PBXFileReference; fileEncoding = 4; lastKnownFileType = file.xib; path = "LadyBugView~ipad.xib"; sourceTree = "<group>"; };
		D08FE3D918B305F10031D798 /* MainView.xib */ = {isa = PBXFileReference; fileEncoding = 4; lastKnownFileType = file.xib; path = MainView.xib; sourceTree = "<group>"; };
		D08FE3DA18B305F10031D798 /* MainView~ipad.xib */ = {isa = PBXFileReference; fileEncoding = 4; lastKnownFileType = file.xib; path = "MainView~ipad.xib"; sourceTree = "<group>"; };
		D08FE3DB18B305F10031D798 /* MainWindow.xib */ = {isa = PBXFileReference; fileEncoding = 4; lastKnownFileType = file.xib; path = MainWindow.xib; sourceTree = "<group>"; };
		D08FE3DC18B305F10031D798 /* MenuView.xib */ = {isa = PBXFileReference; fileEncoding = 4; lastKnownFileType = file.xib; path = MenuView.xib; sourceTree = "<group>"; };
		D08FE3DD18B305F10031D798 /* MenuView~ipad.xib */ = {isa = PBXFileReference; fileEncoding = 4; lastKnownFileType = file.xib; path = "MenuView~ipad.xib"; sourceTree = "<group>"; };
		D08FE3DE18B305F10031D798 /* PipeView.xib */ = {isa = PBXFileReference; fileEncoding = 4; lastKnownFileType = file.xib; path = PipeView.xib; sourceTree = "<group>"; };
		D08FE3DF18B305F10031D798 /* PipeView~ipad.xib */ = {isa = PBXFileReference; fileEncoding = 4; lastKnownFileType = file.xib; path = "PipeView~ipad.xib"; sourceTree = "<group>"; };
		D08FE3E018B305F10031D798 /* ResultView.xib */ = {isa = PBXFileReference; fileEncoding = 4; lastKnownFileType = file.xib; path = ResultView.xib; sourceTree = "<group>"; };
		D08FE3E118B305F10031D798 /* ResultView~ipad.xib */ = {isa = PBXFileReference; fileEncoding = 4; lastKnownFileType = file.xib; path = "ResultView~ipad.xib"; sourceTree = "<group>"; };
		D08FE3E218B305F10031D798 /* TutorialView.xib */ = {isa = PBXFileReference; fileEncoding = 4; lastKnownFileType = file.xib; path = TutorialView.xib; sourceTree = "<group>"; };
		D08FE3E318B305F10031D798 /* TutorialView~ipad.xib */ = {isa = PBXFileReference; fileEncoding = 4; lastKnownFileType = file.xib; path = "TutorialView~ipad.xib"; sourceTree = "<group>"; };
		D091232A18CC26770050B59F /* AppDelegateBase.h */ = {isa = PBXFileReference; fileEncoding = 4; lastKnownFileType = sourcecode.c.h; path = AppDelegateBase.h; sourceTree = "<group>"; };
		D091232B18CC26770050B59F /* AppDelegateBase.m */ = {isa = PBXFileReference; fileEncoding = 4; lastKnownFileType = sourcecode.c.objc; path = AppDelegateBase.m; sourceTree = "<group>"; };
		D091232C18CC26770050B59F /* Base-Prefix.pch */ = {isa = PBXFileReference; fileEncoding = 4; lastKnownFileType = sourcecode.c.h; path = "Base-Prefix.pch"; sourceTree = "<group>"; };
		D091232D18CC26770050B59F /* Base.h */ = {isa = PBXFileReference; fileEncoding = 4; lastKnownFileType = sourcecode.c.h; path = Base.h; sourceTree = "<group>"; };
		D091232E18CC26770050B59F /* Base.m */ = {isa = PBXFileReference; fileEncoding = 4; lastKnownFileType = sourcecode.c.objc; path = Base.m; sourceTree = "<group>"; };
		D091232F18CC26770050B59F /* GameCenterHelperBase.h */ = {isa = PBXFileReference; fileEncoding = 4; lastKnownFileType = sourcecode.c.h; path = GameCenterHelperBase.h; sourceTree = "<group>"; };
		D091233018CC26770050B59F /* GameCenterHelperBase.m */ = {isa = PBXFileReference; fileEncoding = 4; lastKnownFileType = sourcecode.c.objc; path = GameCenterHelperBase.m; sourceTree = "<group>"; };
		D091233118CC26770050B59F /* GameLoopTimer.h */ = {isa = PBXFileReference; fileEncoding = 4; lastKnownFileType = sourcecode.c.h; path = GameLoopTimer.h; sourceTree = "<group>"; };
		D091233218CC26770050B59F /* GameLoopTimer.m */ = {isa = PBXFileReference; fileEncoding = 4; lastKnownFileType = sourcecode.c.objc; path = GameLoopTimer.m; sourceTree = "<group>"; };
		D091233318CC26770050B59F /* Hex.h */ = {isa = PBXFileReference; fileEncoding = 4; lastKnownFileType = sourcecode.c.h; path = Hex.h; sourceTree = "<group>"; };
		D091233418CC26770050B59F /* Hex.m */ = {isa = PBXFileReference; fileEncoding = 4; lastKnownFileType = sourcecode.c.objc; path = Hex.m; sourceTree = "<group>"; };
		D091233518CC26770050B59F /* NotificationManagerBase.h */ = {isa = PBXFileReference; fileEncoding = 4; lastKnownFileType = sourcecode.c.h; path = NotificationManagerBase.h; sourceTree = "<group>"; };
		D091233618CC26770050B59F /* NotificationManagerBase.m */ = {isa = PBXFileReference; fileEncoding = 4; lastKnownFileType = sourcecode.c.objc; path = NotificationManagerBase.m; sourceTree = "<group>"; };
		D091233718CC26770050B59F /* XibView.h */ = {isa = PBXFileReference; fileEncoding = 4; lastKnownFileType = sourcecode.c.h; path = XibView.h; sourceTree = "<group>"; };
		D091233818CC26770050B59F /* XibView.m */ = {isa = PBXFileReference; fileEncoding = 4; lastKnownFileType = sourcecode.c.objc; path = XibView.m; sourceTree = "<group>"; };
		D091233A18CC26770050B59F /* ProgressBarComponent.h */ = {isa = PBXFileReference; fileEncoding = 4; lastKnownFileType = sourcecode.c.h; path = ProgressBarComponent.h; sourceTree = "<group>"; };
		D091233B18CC26770050B59F /* ProgressBarComponent.m */ = {isa = PBXFileReference; fileEncoding = 4; lastKnownFileType = sourcecode.c.objc; path = ProgressBarComponent.m; sourceTree = "<group>"; };
		D091233D18CC26770050B59F /* WorldObjectProperties.h */ = {isa = PBXFileReference; fileEncoding = 4; lastKnownFileType = sourcecode.c.h; path = WorldObjectProperties.h; sourceTree = "<group>"; };
		D091233E18CC26770050B59F /* WorldObjectProperties.m */ = {isa = PBXFileReference; fileEncoding = 4; lastKnownFileType = sourcecode.c.objc; path = WorldObjectProperties.m; sourceTree = "<group>"; };
		D091233F18CC26770050B59F /* WorldObjectView.h */ = {isa = PBXFileReference; fileEncoding = 4; lastKnownFileType = sourcecode.c.h; path = WorldObjectView.h; sourceTree = "<group>"; };
		D091234018CC26770050B59F /* WorldObjectView.m */ = {isa = PBXFileReference; fileEncoding = 4; lastKnownFileType = sourcecode.c.objc; path = WorldObjectView.m; sourceTree = "<group>"; };
		D091234218CC26770050B59F /* SoundEffect.h */ = {isa = PBXFileReference; fileEncoding = 4; lastKnownFileType = sourcecode.c.h; path = SoundEffect.h; sourceTree = "<group>"; };
		D091234318CC26770050B59F /* SoundEffect.m */ = {isa = PBXFileReference; fileEncoding = 4; lastKnownFileType = sourcecode.c.objc; path = SoundEffect.m; sourceTree = "<group>"; };
		D091234418CC26770050B59F /* SoundEffectHelper.h */ = {isa = PBXFileReference; fileEncoding = 4; lastKnownFileType = sourcecode.c.h; path = SoundEffectHelper.h; sourceTree = "<group>"; };
		D091234518CC26770050B59F /* SoundEffectHelper.m */ = {isa = PBXFileReference; fileEncoding = 4; lastKnownFileType = sourcecode.c.objc; path = SoundEffectHelper.m; sourceTree = "<group>"; };
		D091234618CC26770050B59F /* SoundManager.h */ = {isa = PBXFileReference; fileEncoding = 4; lastKnownFileType = sourcecode.c.h; path = SoundManager.h; sourceTree = "<group>"; };
		D091234718CC26770050B59F /* SoundManager.m */ = {isa = PBXFileReference; fileEncoding = 4; lastKnownFileType = sourcecode.c.objc; path = SoundManager.m; sourceTree = "<group>"; };
		D091234918CC26770050B59F /* AnimUtil.h */ = {isa = PBXFileReference; fileEncoding = 4; lastKnownFileType = sourcecode.c.h; path = AnimUtil.h; sourceTree = "<group>"; };
		D091234A18CC26770050B59F /* AnimUtil.m */ = {isa = PBXFileReference; fileEncoding = 4; lastKnownFileType = sourcecode.c.objc; path = AnimUtil.m; sourceTree = "<group>"; };
		D091234B18CC26770050B59F /* NSArray+Util.h */ = {isa = PBXFileReference; fileEncoding = 4; lastKnownFileType = sourcecode.c.h; path = "NSArray+Util.h"; sourceTree = "<group>"; };
		D091234C18CC26770050B59F /* NSArray+Util.m */ = {isa = PBXFileReference; fileEncoding = 4; lastKnownFileType = sourcecode.c.objc; path = "NSArray+Util.m"; sourceTree = "<group>"; };
		D091234D18CC26770050B59F /* UIView+ViewUtil.h */ = {isa = PBXFileReference; fileEncoding = 4; lastKnownFileType = sourcecode.c.h; path = "UIView+ViewUtil.h"; sourceTree = "<group>"; };
		D091234E18CC26770050B59F /* UIView+ViewUtil.m */ = {isa = PBXFileReference; fileEncoding = 4; lastKnownFileType = sourcecode.c.objc; path = "UIView+ViewUtil.m"; sourceTree = "<group>"; };
		D091234F18CC26770050B59F /* Utils.h */ = {isa = PBXFileReference; fileEncoding = 4; lastKnownFileType = sourcecode.c.h; path = Utils.h; sourceTree = "<group>"; };
		D091235018CC26770050B59F /* Utils.m */ = {isa = PBXFileReference; fileEncoding = 4; lastKnownFileType = sourcecode.c.objc; path = Utils.m; sourceTree = "<group>"; };
		D091235218CC26770050B59F /* FXLabel.h */ = {isa = PBXFileReference; fileEncoding = 4; lastKnownFileType = sourcecode.c.h; path = FXLabel.h; sourceTree = "<group>"; };
		D091235318CC26770050B59F /* FXLabel.m */ = {isa = PBXFileReference; fileEncoding = 4; lastKnownFileType = sourcecode.c.objc; path = FXLabel.m; sourceTree = "<group>"; };
		D091235518CC26770050B59F /* AppSpecificValues.h */ = {isa = PBXFileReference; fileEncoding = 4; lastKnownFileType = sourcecode.c.h; path = AppSpecificValues.h; sourceTree = "<group>"; };
		D091235618CC26770050B59F /* GameCenterManager.h */ = {isa = PBXFileReference; fileEncoding = 4; lastKnownFileType = sourcecode.c.h; path = GameCenterManager.h; sourceTree = "<group>"; };
		D091235718CC26770050B59F /* GameCenterManager.m */ = {isa = PBXFileReference; fileEncoding = 4; lastKnownFileType = sourcecode.c.objc; path = GameCenterManager.m; sourceTree = "<group>"; };
		D091235918CC26770050B59F /* IAPHelper.h */ = {isa = PBXFileReference; fileEncoding = 4; lastKnownFileType = sourcecode.c.h; path = IAPHelper.h; sourceTree = "<group>"; };
		D091235A18CC26770050B59F /* IAPHelper.m */ = {isa = PBXFileReference; fileEncoding = 4; lastKnownFileType = sourcecode.c.objc; path = IAPHelper.m; sourceTree = "<group>"; };
		D091235C18CC26770050B59F /* iRate.bundle */ = {isa = PBXFileReference; lastKnownFileType = "wrapper.plug-in"; path = iRate.bundle; sourceTree = "<group>"; };
		D091235D18CC26770050B59F /* iRate.h */ = {isa = PBXFileReference; fileEncoding = 4; lastKnownFileType = sourcecode.c.h; path = iRate.h; sourceTree = "<group>"; };
		D091235E18CC26770050B59F /* iRate.m */ = {isa = PBXFileReference; fileEncoding = 4; lastKnownFileType = sourcecode.c.objc; path = iRate.m; sourceTree = "<group>"; };
		D091236318CC26770050B59F /* PromoBannerView.h */ = {isa = PBXFileReference; fileEncoding = 4; lastKnownFileType = sourcecode.c.h; path = PromoBannerView.h; sourceTree = "<group>"; };
		D091236418CC26770050B59F /* PromoBannerView.m */ = {isa = PBXFileReference; fileEncoding = 4; lastKnownFileType = sourcecode.c.objc; path = PromoBannerView.m; sourceTree = "<group>"; };
		D091236518CC26770050B59F /* PromoBannerView.xib */ = {isa = PBXFileReference; fileEncoding = 4; lastKnownFileType = file.xib; path = PromoBannerView.xib; sourceTree = "<group>"; };
		D091236618CC26770050B59F /* PromoBannerView~ipad.xib */ = {isa = PBXFileReference; fileEncoding = 4; lastKnownFileType = file.xib; path = "PromoBannerView~ipad.xib"; sourceTree = "<group>"; };
		D091236718CC26770050B59F /* PromoGameData.h */ = {isa = PBXFileReference; fileEncoding = 4; lastKnownFileType = sourcecode.c.h; path = PromoGameData.h; sourceTree = "<group>"; };
		D091236818CC26770050B59F /* PromoGameData.m */ = {isa = PBXFileReference; fileEncoding = 4; lastKnownFileType = sourcecode.c.objc; path = PromoGameData.m; sourceTree = "<group>"; };
		D091236918CC26770050B59F /* PromoManager.h */ = {isa = PBXFileReference; fileEncoding = 4; lastKnownFileType = sourcecode.c.h; path = PromoManager.h; sourceTree = "<group>"; };
		D091236A18CC26770050B59F /* PromoManager.m */ = {isa = PBXFileReference; fileEncoding = 4; lastKnownFileType = sourcecode.c.objc; path = PromoManager.m; sourceTree = "<group>"; };
		D091236C18CC26770050B59F /* THLabel.h */ = {isa = PBXFileReference; fileEncoding = 4; lastKnownFileType = sourcecode.c.h; path = THLabel.h; sourceTree = "<group>"; };
		D091236D18CC26770050B59F /* THLabel.m */ = {isa = PBXFileReference; fileEncoding = 4; lastKnownFileType = sourcecode.c.objc; path = THLabel.m; sourceTree = "<group>"; };
		D0C79E7F18AF4BFD0032BDB8 /* FlappyBall2.png */ = {isa = PBXFileReference; lastKnownFileType = image.png; path = FlappyBall2.png; sourceTree = "<group>"; };
		D0DFFCED18DC2C3B001424DF /* FlappyBallIcon100x100.png */ = {isa = PBXFileReference; lastKnownFileType = image.png; path = FlappyBallIcon100x100.png; sourceTree = "<group>"; };
		D0DFFCEE18DC2C3B001424DF /* NGIcon120.png */ = {isa = PBXFileReference; lastKnownFileType = image.png; path = NGIcon120.png; sourceTree = "<group>"; };
		D0DFFCEF18DC2C3B001424DF /* RushyKnightIcon120.png */ = {isa = PBXFileReference; lastKnownFileType = image.png; path = RushyKnightIcon120.png; sourceTree = "<group>"; };
		D0DFFCF018DC2C3B001424DF /* WTNappicon120x120.png */ = {isa = PBXFileReference; lastKnownFileType = image.png; path = WTNappicon120x120.png; sourceTree = "<group>"; };
		D0E30E8118A376E300FFD3CE /* FloppyBall.app */ = {isa = PBXFileReference; explicitFileType = wrapper.application; includeInIndex = 0; path = FloppyBall.app; sourceTree = BUILT_PRODUCTS_DIR; };
		D0E30E8418A376E300FFD3CE /* Foundation.framework */ = {isa = PBXFileReference; lastKnownFileType = wrapper.framework; name = Foundation.framework; path = System/Library/Frameworks/Foundation.framework; sourceTree = SDKROOT; };
		D0E30E8618A376E300FFD3CE /* CoreGraphics.framework */ = {isa = PBXFileReference; lastKnownFileType = wrapper.framework; name = CoreGraphics.framework; path = System/Library/Frameworks/CoreGraphics.framework; sourceTree = SDKROOT; };
		D0E30E8818A376E300FFD3CE /* UIKit.framework */ = {isa = PBXFileReference; lastKnownFileType = wrapper.framework; name = UIKit.framework; path = System/Library/Frameworks/UIKit.framework; sourceTree = SDKROOT; };
		D0E30EA218A376E300FFD3CE /* FloppyBallTests.xctest */ = {isa = PBXFileReference; explicitFileType = wrapper.cfbundle; includeInIndex = 0; path = FloppyBallTests.xctest; sourceTree = BUILT_PRODUCTS_DIR; };
		D0E30EA318A376E300FFD3CE /* XCTest.framework */ = {isa = PBXFileReference; lastKnownFileType = wrapper.framework; name = XCTest.framework; path = Library/Frameworks/XCTest.framework; sourceTree = DEVELOPER_DIR; };
		D0E30EDE18A37D6400FFD3CE /* QuartzCore.framework */ = {isa = PBXFileReference; lastKnownFileType = wrapper.framework; name = QuartzCore.framework; path = System/Library/Frameworks/QuartzCore.framework; sourceTree = SDKROOT; };
		D0E48D7018B9B40A0052F48D /* Wall160x960.png */ = {isa = PBXFileReference; lastKnownFileType = image.png; path = Wall160x960.png; sourceTree = "<group>"; };
		D0E48D7818B9DD9C0052F48D /* Hallelujah.caf */ = {isa = PBXFileReference; lastKnownFileType = file; path = Hallelujah.caf; sourceTree = "<group>"; };
		D0E48D7C18B9E1D10052F48D /* dun1.caf */ = {isa = PBXFileReference; lastKnownFileType = file; path = dun1.caf; sourceTree = "<group>"; };
		D0E48D7D18B9E1D10052F48D /* dun2.caf */ = {isa = PBXFileReference; lastKnownFileType = file; path = dun2.caf; sourceTree = "<group>"; };
		D0E48D7E18B9E1D10052F48D /* dun3.caf */ = {isa = PBXFileReference; lastKnownFileType = file; path = dun3.caf; sourceTree = "<group>"; };
		D0EDB82718A8A55100C103F5 /* bumpEffect.caf */ = {isa = PBXFileReference; lastKnownFileType = file; path = bumpEffect.caf; sourceTree = "<group>"; };
		D0EE1F2C18AB4BE800AD7C8F /* blingEffect.caf */ = {isa = PBXFileReference; lastKnownFileType = file; path = blingEffect.caf; sourceTree = "<group>"; };
		D0F7853718A8659F00CA1ADA /* bounceEffect.caf */ = {isa = PBXFileReference; lastKnownFileType = file; path = bounceEffect.caf; sourceTree = "<group>"; };
/* End PBXFileReference section */

/* Begin PBXFrameworksBuildPhase section */
		D0E30E7E18A376E300FFD3CE /* Frameworks */ = {
			isa = PBXFrameworksBuildPhase;
			buildActionMask = 2147483647;
			files = (
				D048A84618ACB25200411DF9 /* GameKit.framework in Frameworks */,
				D04F704218AA1197000509AA /* Social.framework in Frameworks */,
				D07F418018A4D8C7009680FD /* iAd.framework in Frameworks */,
				D0E30EDF18A37D6400FFD3CE /* QuartzCore.framework in Frameworks */,
				D0E30E8718A376E300FFD3CE /* CoreGraphics.framework in Frameworks */,
				D0E30E8918A376E300FFD3CE /* UIKit.framework in Frameworks */,
				D0E30E8518A376E300FFD3CE /* Foundation.framework in Frameworks */,
			);
			runOnlyForDeploymentPostprocessing = 0;
		};
		D0E30E9F18A376E300FFD3CE /* Frameworks */ = {
			isa = PBXFrameworksBuildPhase;
			buildActionMask = 2147483647;
			files = (
				D0E30EA418A376E300FFD3CE /* XCTest.framework in Frameworks */,
				D0E30EA618A376E300FFD3CE /* UIKit.framework in Frameworks */,
				D0E30EA518A376E300FFD3CE /* Foundation.framework in Frameworks */,
			);
			runOnlyForDeploymentPostprocessing = 0;
		};
/* End PBXFrameworksBuildPhase section */

/* Begin PBXGroup section */
		D015790618ACD9F500AA3803 /* Icons */ = {
			isa = PBXGroup;
			children = (
				D015790718ACD9F500AA3803 /* FlappyBall152x152.png */,
				D015790818ACD9F500AA3803 /* FlappyBallIcon60x60.png */,
			);
			name = Icons;
			path = Resources/Icons;
			sourceTree = "<group>";
		};
		D08FE3B118B305F10031D798 /* FloppyBall */ = {
			isa = PBXGroup;
			children = (
				D08FE3B218B305F10031D798 /* AppDelegate.h */,
				D08FE3B318B305F10031D798 /* AppDelegate.m */,
				D08FE3B418B305F10031D798 /* Classes */,
				D08FE3CA18B305F10031D798 /* InfoPlist.strings */,
				D08FE3CC18B305F10031D798 /* FloppyBall-Info.plist */,
				D08FE3CD18B305F10031D798 /* FloppyBall-Prefix.pch */,
				D08FE3CE18B305F10031D798 /* Images.xcassets */,
				D08FE3CF18B305F10031D798 /* main.m */,
				D08FE3D018B305F10031D798 /* Xib */,
			);
			name = FloppyBall;
			path = FlappyBall;
			sourceTree = "<group>";
		};
		D08FE3B418B305F10031D798 /* Classes */ = {
			isa = PBXGroup;
			children = (
				D08FE3B518B305F10031D798 /* BackgroundView.h */,
				D08FE3B618B305F10031D798 /* BackgroundView.m */,
				D08FE3B718B305F10031D798 /* FloorView.xib */,
				D08FE3B818B305F10031D798 /* GameConstants.h */,
				D08FE3B918B305F10031D798 /* GameConstants.m */,
				D08FE3BA18B305F10031D798 /* GameViewController.h */,
				D08FE3BB18B305F10031D798 /* GameViewController.m */,
				D08FE3BC18B305F10031D798 /* LadyBugView.h */,
				D08FE3BD18B305F10031D798 /* LadyBugView.m */,
				D08FE3BE18B305F10031D798 /* MainView.h */,
				D08FE3BF18B305F10031D798 /* MainView.m */,
				D08FE3C018B305F10031D798 /* MenuView.h */,
				D08FE3C118B305F10031D798 /* MenuView.m */,
				D08FE3C218B305F10031D798 /* NotificationManager.h */,
				D08FE3C318B305F10031D798 /* NotificationManager.m */,
				D08FE3C418B305F10031D798 /* PipeView.h */,
				D08FE3C518B305F10031D798 /* PipeView.m */,
				D08FE3C618B305F10031D798 /* ResultView.h */,
				D08FE3C718B305F10031D798 /* ResultView.m */,
				D08FE3C818B305F10031D798 /* TutorialView.h */,
				D08FE3C918B305F10031D798 /* TutorialView.m */,
			);
			path = Classes;
			sourceTree = "<group>";
		};
		D08FE3D018B305F10031D798 /* Xib */ = {
			isa = PBXGroup;
			children = (
				D08FE3D118B305F10031D798 /* BackgroundView.xib */,
				D08FE3D218B305F10031D798 /* BackgroundView~ipad.xib */,
				D08FE3D318B305F10031D798 /* FloorView.h */,
				D08FE3D418B305F10031D798 /* FloorView.m */,
				D08FE3D518B305F10031D798 /* GameViewController.xib */,
				D08FE3D618B305F10031D798 /* GameViewController~ipad.xib */,
				D08FE3D718B305F10031D798 /* LadyBugView.xib */,
				D08FE3D818B305F10031D798 /* LadyBugView~ipad.xib */,
				D08FE3D918B305F10031D798 /* MainView.xib */,
				D08FE3DA18B305F10031D798 /* MainView~ipad.xib */,
				D08FE3DB18B305F10031D798 /* MainWindow.xib */,
				D08FE3DC18B305F10031D798 /* MenuView.xib */,
				D08FE3DD18B305F10031D798 /* MenuView~ipad.xib */,
				D08FE3DE18B305F10031D798 /* PipeView.xib */,
				D08FE3DF18B305F10031D798 /* PipeView~ipad.xib */,
				D08FE3E018B305F10031D798 /* ResultView.xib */,
				D08FE3E118B305F10031D798 /* ResultView~ipad.xib */,
				D08FE3E218B305F10031D798 /* TutorialView.xib */,
				D08FE3E318B305F10031D798 /* TutorialView~ipad.xib */,
			);
			path = Xib;
			sourceTree = "<group>";
		};
		D091232718CC26770050B59F /* Base */ = {
			isa = PBXGroup;
			children = (
				D091232818CC26770050B59F /* Classes */,
				D091235118CC26770050B59F /* FXLabel */,
				D091235418CC26770050B59F /* GameCenter */,
				D091235818CC26770050B59F /* iAP */,
				D091235B18CC26770050B59F /* iRate */,
				D091235F18CC26770050B59F /* Promo */,
				D091236B18CC26770050B59F /* THLabel */,
			);
			name = Base;
			path = ../Base;
			sourceTree = "<group>";
		};
		D091232818CC26770050B59F /* Classes */ = {
			isa = PBXGroup;
			children = (
				D091232918CC26770050B59F /* Base */,
				D091233918CC26770050B59F /* Componenets */,
				D091233C18CC26770050B59F /* Physics */,
				D091234118CC26770050B59F /* Sounds */,
				D091234818CC26770050B59F /* Utils */,
			);
			path = Classes;
			sourceTree = "<group>";
		};
		D091232918CC26770050B59F /* Base */ = {
			isa = PBXGroup;
			children = (
				D091232A18CC26770050B59F /* AppDelegateBase.h */,
				D091232B18CC26770050B59F /* AppDelegateBase.m */,
				D091232C18CC26770050B59F /* Base-Prefix.pch */,
				D091232D18CC26770050B59F /* Base.h */,
				D091232E18CC26770050B59F /* Base.m */,
				D091232F18CC26770050B59F /* GameCenterHelperBase.h */,
				D091233018CC26770050B59F /* GameCenterHelperBase.m */,
				D091233118CC26770050B59F /* GameLoopTimer.h */,
				D091233218CC26770050B59F /* GameLoopTimer.m */,
				D091233318CC26770050B59F /* Hex.h */,
				D091233418CC26770050B59F /* Hex.m */,
				D091233518CC26770050B59F /* NotificationManagerBase.h */,
				D091233618CC26770050B59F /* NotificationManagerBase.m */,
				D091233718CC26770050B59F /* XibView.h */,
				D091233818CC26770050B59F /* XibView.m */,
			);
			path = Base;
			sourceTree = "<group>";
		};
		D091233918CC26770050B59F /* Componenets */ = {
			isa = PBXGroup;
			children = (
				D091233A18CC26770050B59F /* ProgressBarComponent.h */,
				D091233B18CC26770050B59F /* ProgressBarComponent.m */,
			);
			path = Componenets;
			sourceTree = "<group>";
		};
		D091233C18CC26770050B59F /* Physics */ = {
			isa = PBXGroup;
			children = (
				D091233D18CC26770050B59F /* WorldObjectProperties.h */,
				D091233E18CC26770050B59F /* WorldObjectProperties.m */,
				D091233F18CC26770050B59F /* WorldObjectView.h */,
				D091234018CC26770050B59F /* WorldObjectView.m */,
			);
			path = Physics;
			sourceTree = "<group>";
		};
		D091234118CC26770050B59F /* Sounds */ = {
			isa = PBXGroup;
			children = (
				D091234218CC26770050B59F /* SoundEffect.h */,
				D091234318CC26770050B59F /* SoundEffect.m */,
				D091234418CC26770050B59F /* SoundEffectHelper.h */,
				D091234518CC26770050B59F /* SoundEffectHelper.m */,
				D091234618CC26770050B59F /* SoundManager.h */,
				D091234718CC26770050B59F /* SoundManager.m */,
			);
			path = Sounds;
			sourceTree = "<group>";
		};
		D091234818CC26770050B59F /* Utils */ = {
			isa = PBXGroup;
			children = (
				D091234918CC26770050B59F /* AnimUtil.h */,
				D091234A18CC26770050B59F /* AnimUtil.m */,
				D091234B18CC26770050B59F /* NSArray+Util.h */,
				D091234C18CC26770050B59F /* NSArray+Util.m */,
				D091234D18CC26770050B59F /* UIView+ViewUtil.h */,
				D091234E18CC26770050B59F /* UIView+ViewUtil.m */,
				D091234F18CC26770050B59F /* Utils.h */,
				D091235018CC26770050B59F /* Utils.m */,
			);
			path = Utils;
			sourceTree = "<group>";
		};
		D091235118CC26770050B59F /* FXLabel */ = {
			isa = PBXGroup;
			children = (
				D091235218CC26770050B59F /* FXLabel.h */,
				D091235318CC26770050B59F /* FXLabel.m */,
			);
			path = FXLabel;
			sourceTree = "<group>";
		};
		D091235418CC26770050B59F /* GameCenter */ = {
			isa = PBXGroup;
			children = (
				D091235518CC26770050B59F /* AppSpecificValues.h */,
				D091235618CC26770050B59F /* GameCenterManager.h */,
				D091235718CC26770050B59F /* GameCenterManager.m */,
			);
			path = GameCenter;
			sourceTree = "<group>";
		};
		D091235818CC26770050B59F /* iAP */ = {
			isa = PBXGroup;
			children = (
				D091235918CC26770050B59F /* IAPHelper.h */,
				D091235A18CC26770050B59F /* IAPHelper.m */,
			);
			path = iAP;
			sourceTree = "<group>";
		};
		D091235B18CC26770050B59F /* iRate */ = {
			isa = PBXGroup;
			children = (
				D091235C18CC26770050B59F /* iRate.bundle */,
				D091235D18CC26770050B59F /* iRate.h */,
				D091235E18CC26770050B59F /* iRate.m */,
			);
			path = iRate;
			sourceTree = "<group>";
		};
		D091235F18CC26770050B59F /* Promo */ = {
			isa = PBXGroup;
			children = (
				D0DFFCEC18DC2C3B001424DF /* AppIcons */,
				D091236218CC26770050B59F /* Classes */,
			);
			path = Promo;
			sourceTree = "<group>";
		};
		D091236218CC26770050B59F /* Classes */ = {
			isa = PBXGroup;
			children = (
				D091236318CC26770050B59F /* PromoBannerView.h */,
				D091236418CC26770050B59F /* PromoBannerView.m */,
				D091236518CC26770050B59F /* PromoBannerView.xib */,
				D091236618CC26770050B59F /* PromoBannerView~ipad.xib */,
				D091236718CC26770050B59F /* PromoGameData.h */,
				D091236818CC26770050B59F /* PromoGameData.m */,
				D091236918CC26770050B59F /* PromoManager.h */,
				D091236A18CC26770050B59F /* PromoManager.m */,
			);
			path = Classes;
			sourceTree = "<group>";
		};
		D091236B18CC26770050B59F /* THLabel */ = {
			isa = PBXGroup;
			children = (
				D091236C18CC26770050B59F /* THLabel.h */,
				D091236D18CC26770050B59F /* THLabel.m */,
			);
			path = THLabel;
			sourceTree = "<group>";
		};
		D0DFFCEC18DC2C3B001424DF /* AppIcons */ = {
			isa = PBXGroup;
			children = (
				D0DFFCED18DC2C3B001424DF /* FlappyBallIcon100x100.png */,
				D0DFFCEE18DC2C3B001424DF /* NGIcon120.png */,
				D0DFFCEF18DC2C3B001424DF /* RushyKnightIcon120.png */,
				D0DFFCF018DC2C3B001424DF /* WTNappicon120x120.png */,
			);
			path = AppIcons;
			sourceTree = "<group>";
		};
		D0E30E7818A376E300FFD3CE = {
			isa = PBXGroup;
			children = (
				D091232718CC26770050B59F /* Base */,
				D08FE3B118B305F10031D798 /* FloppyBall */,
				D0E30ECD18A3780B00FFD3CE /* Resources */,
				D0E30E8318A376E300FFD3CE /* Frameworks */,
				D0E30E8218A376E300FFD3CE /* Products */,
			);
			sourceTree = "<group>";
		};
		D0E30E8218A376E300FFD3CE /* Products */ = {
			isa = PBXGroup;
			children = (
				D0E30E8118A376E300FFD3CE /* FloppyBall.app */,
				D0E30EA218A376E300FFD3CE /* FloppyBallTests.xctest */,
			);
			name = Products;
			sourceTree = "<group>";
		};
		D0E30E8318A376E300FFD3CE /* Frameworks */ = {
			isa = PBXGroup;
			children = (
				D048A84518ACB25200411DF9 /* GameKit.framework */,
				D04F704118AA1197000509AA /* Social.framework */,
				D07F417F18A4D8C7009680FD /* iAd.framework */,
				D0E30EDE18A37D6400FFD3CE /* QuartzCore.framework */,
				D0E30E8418A376E300FFD3CE /* Foundation.framework */,
				D0E30E8618A376E300FFD3CE /* CoreGraphics.framework */,
				D0E30E8818A376E300FFD3CE /* UIKit.framework */,
				D0E30EA318A376E300FFD3CE /* XCTest.framework */,
			);
			name = Frameworks;
			sourceTree = "<group>";
		};
		D0E30ECD18A3780B00FFD3CE /* Resources */ = {
			isa = PBXGroup;
			children = (
				D015790618ACD9F500AA3803 /* Icons */,
				D0F7853418A8655800CA1ADA /* Sounds */,
				D0E50A2818A7349300AA353E /* Images */,
			);
			name = Resources;
			sourceTree = "<group>";
		};
		D0E50A2818A7349300AA353E /* Images */ = {
			isa = PBXGroup;
			children = (
				D0E48D7018B9B40A0052F48D /* Wall160x960.png */,
				D0C79E7F18AF4BFD0032BDB8 /* FlappyBall2.png */,
				D04BEBA418ADECAD00DB72F5 /* Floor.png */,
				D048A83D18ACAAAB00411DF9 /* facebook_share.png */,
				D048A83E18ACAAAB00411DF9 /* twitter_share.png */,
			);
			name = Images;
			path = Resources/Images;
			sourceTree = "<group>";
		};
		D0F7853418A8655800CA1ADA /* Sounds */ = {
			isa = PBXGroup;
			children = (
				D0E48D7C18B9E1D10052F48D /* dun1.caf */,
				D0E48D7D18B9E1D10052F48D /* dun2.caf */,
				D0E48D7E18B9E1D10052F48D /* dun3.caf */,
				D0E48D7818B9DD9C0052F48D /* Hallelujah.caf */,
				D0EE1F2C18AB4BE800AD7C8F /* blingEffect.caf */,
				D0EDB82718A8A55100C103F5 /* bumpEffect.caf */,
				D0F7853718A8659F00CA1ADA /* bounceEffect.caf */,
			);
			name = Sounds;
			path = Resources/Sounds;
			sourceTree = "<group>";
		};
/* End PBXGroup section */

/* Begin PBXNativeTarget section */
		D0E30E8018A376E300FFD3CE /* FloppyBall */ = {
			isa = PBXNativeTarget;
			buildConfigurationList = D0E30EB318A376E300FFD3CE /* Build configuration list for PBXNativeTarget "FloppyBall" */;
			buildPhases = (
				D0E30E7D18A376E300FFD3CE /* Sources */,
				D0E30E7E18A376E300FFD3CE /* Frameworks */,
				D0E30E7F18A376E300FFD3CE /* Resources */,
			);
			buildRules = (
			);
			dependencies = (
			);
			name = FloppyBall;
			productName = Bird;
			productReference = D0E30E8118A376E300FFD3CE /* FloppyBall.app */;
			productType = "com.apple.product-type.application";
		};
		D0E30EA118A376E300FFD3CE /* FloppyBallTests */ = {
			isa = PBXNativeTarget;
			buildConfigurationList = D0E30EB618A376E300FFD3CE /* Build configuration list for PBXNativeTarget "FloppyBallTests" */;
			buildPhases = (
				D0E30E9E18A376E300FFD3CE /* Sources */,
				D0E30E9F18A376E300FFD3CE /* Frameworks */,
				D0E30EA018A376E300FFD3CE /* Resources */,
			);
			buildRules = (
			);
			dependencies = (
				D0E30EA818A376E300FFD3CE /* PBXTargetDependency */,
			);
			name = FloppyBallTests;
			productName = BirdTests;
			productReference = D0E30EA218A376E300FFD3CE /* FloppyBallTests.xctest */;
			productType = "com.apple.product-type.bundle.unit-test";
		};
/* End PBXNativeTarget section */

/* Begin PBXProject section */
		D0E30E7918A376E300FFD3CE /* Project object */ = {
			isa = PBXProject;
			attributes = {
				LastUpgradeCheck = 0500;
				ORGANIZATIONNAME = MacCoder;
				TargetAttributes = {
					D0E30E8018A376E300FFD3CE = {
						DevelopmentTeam = YS47XTCZZB;
					};
					D0E30EA118A376E300FFD3CE = {
						TestTargetID = D0E30E8018A376E300FFD3CE;
					};
				};
			};
			buildConfigurationList = D0E30E7C18A376E300FFD3CE /* Build configuration list for PBXProject "FloppyBall" */;
			compatibilityVersion = "Xcode 3.2";
			developmentRegion = English;
			hasScannedForEncodings = 0;
			knownRegions = (
				en,
				Base,
			);
			mainGroup = D0E30E7818A376E300FFD3CE;
			productRefGroup = D0E30E8218A376E300FFD3CE /* Products */;
			projectDirPath = "";
			projectRoot = "";
			targets = (
				D0E30E8018A376E300FFD3CE /* FloppyBall */,
				D0E30EA118A376E300FFD3CE /* FloppyBallTests */,
			);
		};
/* End PBXProject section */

/* Begin PBXResourcesBuildPhase section */
		D0E30E7F18A376E300FFD3CE /* Resources */ = {
			isa = PBXResourcesBuildPhase;
			buildActionMask = 2147483647;
			files = (
				D015791118ACD9F500AA3803 /* FlappyBallIcon60x60.png in Resources */,
				D08FE3F818B305F10031D798 /* GameViewController~ipad.xib in Resources */,
				D08FE3FC18B305F10031D798 /* MainView~ipad.xib in Resources */,
				D08FE3FD18B305F10031D798 /* MainWindow.xib in Resources */,
				D0E48D8118B9E1D10052F48D /* dun3.caf in Resources */,
				D0C79E8018AF4BFD0032BDB8 /* FlappyBall2.png in Resources */,
				D08FE3FA18B305F10031D798 /* LadyBugView~ipad.xib in Resources */,
				D0E48D8018B9E1D10052F48D /* dun2.caf in Resources */,
				D08FE3E618B305F10031D798 /* FloorView.xib in Resources */,
				D08FE3F418B305F10031D798 /* BackgroundView.xib in Resources */,
				D08FE40418B305F10031D798 /* TutorialView.xib in Resources */,
				D048A84018ACAAAB00411DF9 /* twitter_share.png in Resources */,
				D0EE1F2D18AB4BE800AD7C8F /* blingEffect.caf in Resources */,
				D0EDB82818A8A55100C103F5 /* bumpEffect.caf in Resources */,
				D08FE40218B305F10031D798 /* ResultView.xib in Resources */,
				D08FE3FE18B305F10031D798 /* MenuView.xib in Resources */,
				D015791018ACD9F500AA3803 /* FlappyBall152x152.png in Resources */,
				D091238618CC26770050B59F /* PromoBannerView.xib in Resources */,
				D08FE3FB18B305F10031D798 /* MainView.xib in Resources */,
				D0DFFCF218DC2C3B001424DF /* NGIcon120.png in Resources */,
				D08FE40518B305F10031D798 /* TutorialView~ipad.xib in Resources */,
				D091238718CC26770050B59F /* PromoBannerView~ipad.xib in Resources */,
				D08FE3F218B305F10031D798 /* Images.xcassets in Resources */,
				D04BEBA518ADECAD00DB72F5 /* Floor.png in Resources */,
				D08FE3FF18B305F10031D798 /* MenuView~ipad.xib in Resources */,
				D08FE40118B305F10031D798 /* PipeView~ipad.xib in Resources */,
				D08FE3F718B305F10031D798 /* GameViewController.xib in Resources */,
				D0F7853818A8659F00CA1ADA /* bounceEffect.caf in Resources */,
				D0DFFCF118DC2C3B001424DF /* FlappyBallIcon100x100.png in Resources */,
				D0E48D7F18B9E1D10052F48D /* dun1.caf in Resources */,
				D08FE40018B305F10031D798 /* PipeView.xib in Resources */,
				D0E48D7918B9DD9C0052F48D /* Hallelujah.caf in Resources */,
				D08FE3F918B305F10031D798 /* LadyBugView.xib in Resources */,
				D0DFFCF418DC2C3B001424DF /* WTNappicon120x120.png in Resources */,
				D091238218CC26770050B59F /* iRate.bundle in Resources */,
				D0DFFCF318DC2C3B001424DF /* RushyKnightIcon120.png in Resources */,
				D048A83F18ACAAAB00411DF9 /* facebook_share.png in Resources */,
				D08FE3F518B305F10031D798 /* BackgroundView~ipad.xib in Resources */,
				D0E48D7118B9B40B0052F48D /* Wall160x960.png in Resources */,
				D08FE40318B305F10031D798 /* ResultView~ipad.xib in Resources */,
			);
			runOnlyForDeploymentPostprocessing = 0;
		};
		D0E30EA018A376E300FFD3CE /* Resources */ = {
			isa = PBXResourcesBuildPhase;
			buildActionMask = 2147483647;
			files = (
			);
			runOnlyForDeploymentPostprocessing = 0;
		};
/* End PBXResourcesBuildPhase section */

/* Begin PBXSourcesBuildPhase section */
		D0E30E7D18A376E300FFD3CE /* Sources */ = {
			isa = PBXSourcesBuildPhase;
			buildActionMask = 2147483647;
			files = (
				D08FE3EF18B305F10031D798 /* TutorialView.m in Sources */,
				D091237A18CC26770050B59F /* SoundManager.m in Sources */,
				D08FE3EE18B305F10031D798 /* ResultView.m in Sources */,
				D091237E18CC26770050B59F /* Utils.m in Sources */,
				D091238018CC26770050B59F /* GameCenterManager.m in Sources */,
				D091238318CC26770050B59F /* iRate.m in Sources */,
				D091237618CC26770050B59F /* WorldObjectProperties.m in Sources */,
				D08FE3E518B305F10031D798 /* BackgroundView.m in Sources */,
				D091236E18CC26770050B59F /* AppDelegateBase.m in Sources */,
				D08FE3F318B305F10031D798 /* main.m in Sources */,
				D08FE3E418B305F10031D798 /* AppDelegate.m in Sources */,
				D091237518CC26770050B59F /* ProgressBarComponent.m in Sources */,
				D091237318CC26770050B59F /* NotificationManagerBase.m in Sources */,
				D091237C18CC26770050B59F /* NSArray+Util.m in Sources */,
				D091237118CC26770050B59F /* GameLoopTimer.m in Sources */,
				D091237718CC26770050B59F /* WorldObjectView.m in Sources */,
				D091237918CC26770050B59F /* SoundEffectHelper.m in Sources */,
				D08FE3EC18B305F10031D798 /* NotificationManager.m in Sources */,
				D091238518CC26770050B59F /* PromoBannerView.m in Sources */,
				D091237018CC26770050B59F /* GameCenterHelperBase.m in Sources */,
				D08FE3F618B305F10031D798 /* FloorView.m in Sources */,
				D08FE3EB18B305F10031D798 /* MenuView.m in Sources */,
				D08FE3ED18B305F10031D798 /* PipeView.m in Sources */,
				D091236F18CC26770050B59F /* Base.m in Sources */,
				D08FE3E918B305F10031D798 /* LadyBugView.m in Sources */,
				D091237F18CC26770050B59F /* FXLabel.m in Sources */,
				D091238918CC26770050B59F /* PromoManager.m in Sources */,
				D091237B18CC26770050B59F /* AnimUtil.m in Sources */,
				D091238A18CC26770050B59F /* THLabel.m in Sources */,
				D08FE3E718B305F10031D798 /* GameConstants.m in Sources */,
				D091237218CC26770050B59F /* Hex.m in Sources */,
				D091237D18CC26770050B59F /* UIView+ViewUtil.m in Sources */,
				D091238118CC26770050B59F /* IAPHelper.m in Sources */,
				D091238818CC26770050B59F /* PromoGameData.m in Sources */,
				D08FE3EA18B305F10031D798 /* MainView.m in Sources */,
				D091237418CC26770050B59F /* XibView.m in Sources */,
				D091237818CC26770050B59F /* SoundEffect.m in Sources */,
				D08FE3E818B305F10031D798 /* GameViewController.m in Sources */,
			);
			runOnlyForDeploymentPostprocessing = 0;
		};
		D0E30E9E18A376E300FFD3CE /* Sources */ = {
			isa = PBXSourcesBuildPhase;
			buildActionMask = 2147483647;
			files = (
			);
			runOnlyForDeploymentPostprocessing = 0;
		};
/* End PBXSourcesBuildPhase section */

/* Begin PBXTargetDependency section */
		D0E30EA818A376E300FFD3CE /* PBXTargetDependency */ = {
			isa = PBXTargetDependency;
			target = D0E30E8018A376E300FFD3CE /* FloppyBall */;
			targetProxy = D0E30EA718A376E300FFD3CE /* PBXContainerItemProxy */;
		};
/* End PBXTargetDependency section */

/* Begin PBXVariantGroup section */
		D08FE3CA18B305F10031D798 /* InfoPlist.strings */ = {
			isa = PBXVariantGroup;
			children = (
				D08FE3CB18B305F10031D798 /* en */,
			);
			name = InfoPlist.strings;
			sourceTree = "<group>";
		};
/* End PBXVariantGroup section */

/* Begin XCBuildConfiguration section */
		D0E30EB118A376E300FFD3CE /* Debug */ = {
			isa = XCBuildConfiguration;
			buildSettings = {
				ALWAYS_SEARCH_USER_PATHS = NO;
				ARCHS = "$(ARCHS_STANDARD_INCLUDING_64_BIT)";
				CLANG_CXX_LANGUAGE_STANDARD = "gnu++0x";
				CLANG_CXX_LIBRARY = "libc++";
				CLANG_ENABLE_MODULES = YES;
				CLANG_ENABLE_OBJC_ARC = YES;
				CLANG_WARN_BOOL_CONVERSION = YES;
				CLANG_WARN_CONSTANT_CONVERSION = YES;
				CLANG_WARN_DIRECT_OBJC_ISA_USAGE = YES_ERROR;
				CLANG_WARN_EMPTY_BODY = YES;
				CLANG_WARN_ENUM_CONVERSION = YES;
				CLANG_WARN_INT_CONVERSION = YES;
				CLANG_WARN_OBJC_ROOT_CLASS = YES_ERROR;
				CLANG_WARN__DUPLICATE_METHOD_MATCH = YES;
				"CODE_SIGN_IDENTITY[sdk=iphoneos*]" = "iPhone Developer";
				COPY_PHASE_STRIP = NO;
				GCC_C_LANGUAGE_STANDARD = gnu99;
				GCC_DYNAMIC_NO_PIC = NO;
				GCC_OPTIMIZATION_LEVEL = 0;
				GCC_PREPROCESSOR_DEFINITIONS = (
					"DEBUG=1",
					"$(inherited)",
				);
				GCC_SYMBOLS_PRIVATE_EXTERN = NO;
				GCC_WARN_64_TO_32_BIT_CONVERSION = YES;
				GCC_WARN_ABOUT_RETURN_TYPE = YES_ERROR;
				GCC_WARN_UNDECLARED_SELECTOR = YES;
				GCC_WARN_UNINITIALIZED_AUTOS = YES;
				GCC_WARN_UNUSED_FUNCTION = YES;
				GCC_WARN_UNUSED_VARIABLE = YES;
				IPHONEOS_DEPLOYMENT_TARGET = 6.0;
				ONLY_ACTIVE_ARCH = YES;
				SDKROOT = iphoneos;
			};
			name = Debug;
		};
		D0E30EB218A376E300FFD3CE /* Release */ = {
			isa = XCBuildConfiguration;
			buildSettings = {
				ALWAYS_SEARCH_USER_PATHS = NO;
				ARCHS = "$(ARCHS_STANDARD_INCLUDING_64_BIT)";
				CLANG_CXX_LANGUAGE_STANDARD = "gnu++0x";
				CLANG_CXX_LIBRARY = "libc++";
				CLANG_ENABLE_MODULES = YES;
				CLANG_ENABLE_OBJC_ARC = YES;
				CLANG_WARN_BOOL_CONVERSION = YES;
				CLANG_WARN_CONSTANT_CONVERSION = YES;
				CLANG_WARN_DIRECT_OBJC_ISA_USAGE = YES_ERROR;
				CLANG_WARN_EMPTY_BODY = YES;
				CLANG_WARN_ENUM_CONVERSION = YES;
				CLANG_WARN_INT_CONVERSION = YES;
				CLANG_WARN_OBJC_ROOT_CLASS = YES_ERROR;
				CLANG_WARN__DUPLICATE_METHOD_MATCH = YES;
				"CODE_SIGN_IDENTITY[sdk=iphoneos*]" = "iPhone Developer";
				COPY_PHASE_STRIP = YES;
				ENABLE_NS_ASSERTIONS = NO;
				GCC_C_LANGUAGE_STANDARD = gnu99;
				GCC_WARN_64_TO_32_BIT_CONVERSION = YES;
				GCC_WARN_ABOUT_RETURN_TYPE = YES_ERROR;
				GCC_WARN_UNDECLARED_SELECTOR = YES;
				GCC_WARN_UNINITIALIZED_AUTOS = YES;
				GCC_WARN_UNUSED_FUNCTION = YES;
				GCC_WARN_UNUSED_VARIABLE = YES;
				IPHONEOS_DEPLOYMENT_TARGET = 6.0;
				SDKROOT = iphoneos;
				VALIDATE_PRODUCT = YES;
			};
			name = Release;
		};
		D0E30EB418A376E300FFD3CE /* Debug */ = {
			isa = XCBuildConfiguration;
			buildSettings = {
				ASSETCATALOG_COMPILER_APPICON_NAME = AppIcon;
				ASSETCATALOG_COMPILER_LAUNCHIMAGE_NAME = LaunchImage;
				CODE_SIGN_IDENTITY = "iPhone Distribution: Jeffrey Wan (YS47XTCZZB)";
				"CODE_SIGN_IDENTITY[sdk=iphoneos*]" = "iPhone Distribution: Jeffrey Wan (YS47XTCZZB)";
				GCC_PRECOMPILE_PREFIX_HEADER = YES;
				GCC_PREFIX_HEADER = "FlappyBall/FloppyBall-Prefix.pch";
				INFOPLIST_FILE = "FlappyBall/FloppyBall-Info.plist";
				PRODUCT_NAME = FloppyBall;
				PROVISIONING_PROFILE = "3D31D0BB-2A2E-4909-A386-FDD53F3FEA78";
				TARGETED_DEVICE_FAMILY = "1,2";
				WRAPPER_EXTENSION = app;
			};
			name = Debug;
		};
		D0E30EB518A376E300FFD3CE /* Release */ = {
			isa = XCBuildConfiguration;
			buildSettings = {
				ASSETCATALOG_COMPILER_APPICON_NAME = AppIcon;
				ASSETCATALOG_COMPILER_LAUNCHIMAGE_NAME = LaunchImage;
				CODE_SIGN_IDENTITY = "iPhone Distribution: Jeffrey Wan (YS47XTCZZB)";
				"CODE_SIGN_IDENTITY[sdk=iphoneos*]" = "iPhone Distribution: Jeffrey Wan (YS47XTCZZB)";
				GCC_PRECOMPILE_PREFIX_HEADER = YES;
				GCC_PREFIX_HEADER = "FlappyBall/FloppyBall-Prefix.pch";
				INFOPLIST_FILE = "FlappyBall/FloppyBall-Info.plist";
				PRODUCT_NAME = FloppyBall;
				PROVISIONING_PROFILE = "3D31D0BB-2A2E-4909-A386-FDD53F3FEA78";
				TARGETED_DEVICE_FAMILY = "1,2";
				WRAPPER_EXTENSION = app;
			};
			name = Release;
		};
		D0E30EB718A376E300FFD3CE /* Debug */ = {
			isa = XCBuildConfiguration;
			buildSettings = {
				ARCHS = "$(ARCHS_STANDARD_INCLUDING_64_BIT)";
				BUNDLE_LOADER = "$(BUILT_PRODUCTS_DIR)/FloppyBall.app/FloppyBall";
				CODE_SIGN_IDENTITY = "iPhone Distribution: Jeffrey Wan (YS47XTCZZB)";
				FRAMEWORK_SEARCH_PATHS = (
					"$(SDKROOT)/Developer/Library/Frameworks",
					"$(inherited)",
					"$(DEVELOPER_FRAMEWORKS_DIR)",
				);
				GCC_PRECOMPILE_PREFIX_HEADER = YES;
				GCC_PREFIX_HEADER = "FlappyBall/FlappyBall-Prefix.pch";
				GCC_PREPROCESSOR_DEFINITIONS = (
					"DEBUG=1",
					"$(inherited)",
				);
				INFOPLIST_FILE = "FlappyBallTests/FlappyBallTests-Info.plist";
				PRODUCT_NAME = FloppyBallTests;
				PROVISIONING_PROFILE = "3D31D0BB-2A2E-4909-A386-FDD53F3FEA78";
				TEST_HOST = "$(BUNDLE_LOADER)";
				WRAPPER_EXTENSION = xctest;
			};
			name = Debug;
		};
		D0E30EB818A376E300FFD3CE /* Release */ = {
			isa = XCBuildConfiguration;
			buildSettings = {
				ARCHS = "$(ARCHS_STANDARD_INCLUDING_64_BIT)";
				BUNDLE_LOADER = "$(BUILT_PRODUCTS_DIR)/FloppyBall.app/FloppyBall";
				CODE_SIGN_IDENTITY = "iPhone Distribution: Jeffrey Wan (YS47XTCZZB)";
				FRAMEWORK_SEARCH_PATHS = (
					"$(SDKROOT)/Developer/Library/Frameworks",
					"$(inherited)",
					"$(DEVELOPER_FRAMEWORKS_DIR)",
				);
				GCC_PRECOMPILE_PREFIX_HEADER = YES;
				GCC_PREFIX_HEADER = "FlappyBall/FlappyBall-Prefix.pch";
				INFOPLIST_FILE = "FlappyBallTests/FlappyBallTests-Info.plist";
				PRODUCT_NAME = FloppyBallTests;
				PROVISIONING_PROFILE = "3D31D0BB-2A2E-4909-A386-FDD53F3FEA78";
				TEST_HOST = "$(BUNDLE_LOADER)";
				WRAPPER_EXTENSION = xctest;
			};
			name = Release;
		};
/* End XCBuildConfiguration section */

/* Begin XCConfigurationList section */
		D0E30E7C18A376E300FFD3CE /* Build configuration list for PBXProject "FloppyBall" */ = {
			isa = XCConfigurationList;
			buildConfigurations = (
				D0E30EB118A376E300FFD3CE /* Debug */,
				D0E30EB218A376E300FFD3CE /* Release */,
			);
			defaultConfigurationIsVisible = 0;
			defaultConfigurationName = Release;
		};
		D0E30EB318A376E300FFD3CE /* Build configuration list for PBXNativeTarget "FloppyBall" */ = {
			isa = XCConfigurationList;
			buildConfigurations = (
				D0E30EB418A376E300FFD3CE /* Debug */,
				D0E30EB518A376E300FFD3CE /* Release */,
			);
			defaultConfigurationIsVisible = 0;
			defaultConfigurationName = Release;
		};
		D0E30EB618A376E300FFD3CE /* Build configuration list for PBXNativeTarget "FloppyBallTests" */ = {
			isa = XCConfigurationList;
			buildConfigurations = (
				D0E30EB718A376E300FFD3CE /* Debug */,
				D0E30EB818A376E300FFD3CE /* Release */,
			);
			defaultConfigurationIsVisible = 0;
			defaultConfigurationName = Release;
		};
/* End XCConfigurationList section */
	};
	rootObject = D0E30E7918A376E300FFD3CE /* Project object */;
}
