// !$*UTF8*$!
{
	archiveVersion = 1;
	classes = {
	};
	objectVersion = 46;
	objects = {

/* Begin PBXBuildFile section */
		D0338B8818C6E06E0006C8B6 /* InGameMessageView~ipad.xib in Resources */ = {isa = PBXBuildFile; fileRef = D0338B8718C6E06E0006C8B6 /* InGameMessageView~ipad.xib */; };
		D0338B9D18C713D60006C8B6 /* Achievementx1.png in Resources */ = {isa = PBXBuildFile; fileRef = D0338B8918C713D60006C8B6 /* Achievementx1.png */; };
		D0338B9E18C713D60006C8B6 /* Achievementx5.png in Resources */ = {isa = PBXBuildFile; fileRef = D0338B8A18C713D60006C8B6 /* Achievementx5.png */; };
		D0338B9F18C713D60006C8B6 /* Achievementx10.png in Resources */ = {isa = PBXBuildFile; fileRef = D0338B8B18C713D60006C8B6 /* Achievementx10.png */; };
		D0338BA018C713D60006C8B6 /* Achievementx15.png in Resources */ = {isa = PBXBuildFile; fileRef = D0338B8C18C713D60006C8B6 /* Achievementx15.png */; };
		D0338BA118C713D60006C8B6 /* Achievementx20.png in Resources */ = {isa = PBXBuildFile; fileRef = D0338B8D18C713D60006C8B6 /* Achievementx20.png */; };
		D0338BA218C713D60006C8B6 /* Achievementx30.png in Resources */ = {isa = PBXBuildFile; fileRef = D0338B8E18C713D60006C8B6 /* Achievementx30.png */; };
		D0338BA318C713D60006C8B6 /* Achievementx40.png in Resources */ = {isa = PBXBuildFile; fileRef = D0338B8F18C713D60006C8B6 /* Achievementx40.png */; };
		D0338BA418C713D60006C8B6 /* Achievementx50.png in Resources */ = {isa = PBXBuildFile; fileRef = D0338B9018C713D60006C8B6 /* Achievementx50.png */; };
		D0338BA518C713D60006C8B6 /* Achievementx60.png in Resources */ = {isa = PBXBuildFile; fileRef = D0338B9118C713D60006C8B6 /* Achievementx60.png */; };
		D0338BA618C713D60006C8B6 /* Achievementx75.png in Resources */ = {isa = PBXBuildFile; fileRef = D0338B9218C713D60006C8B6 /* Achievementx75.png */; };
		D0338BA718C713D60006C8B6 /* Achievementx90.png in Resources */ = {isa = PBXBuildFile; fileRef = D0338B9318C713D60006C8B6 /* Achievementx90.png */; };
		D0338BA818C713D60006C8B6 /* Achievementx115.png in Resources */ = {isa = PBXBuildFile; fileRef = D0338B9418C713D60006C8B6 /* Achievementx115.png */; };
		D0338BA918C713D60006C8B6 /* Achievementx130.png in Resources */ = {isa = PBXBuildFile; fileRef = D0338B9518C713D60006C8B6 /* Achievementx130.png */; };
		D0338BAA18C713D60006C8B6 /* Achievementx150.png in Resources */ = {isa = PBXBuildFile; fileRef = D0338B9618C713D60006C8B6 /* Achievementx150.png */; };
		D0338BAB18C713D60006C8B6 /* Achievementx170.png in Resources */ = {isa = PBXBuildFile; fileRef = D0338B9718C713D60006C8B6 /* Achievementx170.png */; };
		D0338BAC18C713D60006C8B6 /* Achievementx200.png in Resources */ = {isa = PBXBuildFile; fileRef = D0338B9818C713D60006C8B6 /* Achievementx200.png */; };
		D0338BAD18C713D60006C8B6 /* Achievementx250.png in Resources */ = {isa = PBXBuildFile; fileRef = D0338B9918C713D60006C8B6 /* Achievementx250.png */; };
		D0338BAE18C713D60006C8B6 /* Achievementx350.png in Resources */ = {isa = PBXBuildFile; fileRef = D0338B9A18C713D60006C8B6 /* Achievementx350.png */; };
		D0338BAF18C713D60006C8B6 /* Achievementx500.png in Resources */ = {isa = PBXBuildFile; fileRef = D0338B9B18C713D60006C8B6 /* Achievementx500.png */; };
		D0338BB018C713D60006C8B6 /* Achievementx999.png in Resources */ = {isa = PBXBuildFile; fileRef = D0338B9C18C713D60006C8B6 /* Achievementx999.png */; };
		D0338BB218C72DD30006C8B6 /* UnlockAnswer.png in Resources */ = {isa = PBXBuildFile; fileRef = D0338BB118C72DD30006C8B6 /* UnlockAnswer.png */; };
		D0414E9518B36BD500A296F6 /* NumberGameView.xib in Resources */ = {isa = PBXBuildFile; fileRef = D0414E9418B36BD500A296F6 /* NumberGameView.xib */; };
		D0414E9818B36C6A00A296F6 /* NumberGameView.m in Sources */ = {isa = PBXBuildFile; fileRef = D0414E9718B36C6A00A296F6 /* NumberGameView.m */; };
		D048A83F18ACAAAB00411DF9 /* facebook_share.png in Resources */ = {isa = PBXBuildFile; fileRef = D048A83D18ACAAAB00411DF9 /* facebook_share.png */; };
		D048A84018ACAAAB00411DF9 /* twitter_share.png in Resources */ = {isa = PBXBuildFile; fileRef = D048A83E18ACAAAB00411DF9 /* twitter_share.png */; };
		D048A84618ACB25200411DF9 /* GameKit.framework in Frameworks */ = {isa = PBXBuildFile; fileRef = D048A84518ACB25200411DF9 /* GameKit.framework */; };
		D04F704218AA1197000509AA /* Social.framework in Frameworks */ = {isa = PBXBuildFile; fileRef = D04F704118AA1197000509AA /* Social.framework */; };
		D05A830D18B3223C003C18EB /* AppDelegate.m in Sources */ = {isa = PBXBuildFile; fileRef = D05A82DC18B3223C003C18EB /* AppDelegate.m */; };
		D05A831018B3223C003C18EB /* GameConstants.m in Sources */ = {isa = PBXBuildFile; fileRef = D05A82E218B3223C003C18EB /* GameConstants.m */; };
		D05A831118B3223C003C18EB /* GameViewController.m in Sources */ = {isa = PBXBuildFile; fileRef = D05A82E418B3223C003C18EB /* GameViewController.m */; };
		D05A831318B3223C003C18EB /* MainView.m in Sources */ = {isa = PBXBuildFile; fileRef = D05A82E818B3223C003C18EB /* MainView.m */; };
		D05A831418B3223C003C18EB /* MenuView.m in Sources */ = {isa = PBXBuildFile; fileRef = D05A82EA18B3223C003C18EB /* MenuView.m */; };
		D05A831518B3223C003C18EB /* NotificationManager.m in Sources */ = {isa = PBXBuildFile; fileRef = D05A82EC18B3223C003C18EB /* NotificationManager.m */; };
		D05A831718B3223C003C18EB /* ResultView.m in Sources */ = {isa = PBXBuildFile; fileRef = D05A82F018B3223C003C18EB /* ResultView.m */; };
		D05A831918B3223C003C18EB /* InfoPlist.strings in Resources */ = {isa = PBXBuildFile; fileRef = D05A82F318B3223C003C18EB /* InfoPlist.strings */; };
		D05A831A18B3223C003C18EB /* Images.xcassets in Resources */ = {isa = PBXBuildFile; fileRef = D05A82F518B3223C003C18EB /* Images.xcassets */; };
		D05A831B18B3223C003C18EB /* main.m in Sources */ = {isa = PBXBuildFile; fileRef = D05A82F618B3223C003C18EB /* main.m */; };
		D05A832018B3223C003C18EB /* GameViewController.xib in Resources */ = {isa = PBXBuildFile; fileRef = D05A82FE18B3223C003C18EB /* GameViewController.xib */; };
		D05A832418B3223C003C18EB /* MainView.xib in Resources */ = {isa = PBXBuildFile; fileRef = D05A830218B3223C003C18EB /* MainView.xib */; };
		D05A833118B32785003C18EB /* NumberManager.m in Sources */ = {isa = PBXBuildFile; fileRef = D05A833018B32785003C18EB /* NumberManager.m */; };
		D07F418018A4D8C7009680FD /* iAd.framework in Frameworks */ = {isa = PBXBuildFile; fileRef = D07F417F18A4D8C7009680FD /* iAd.framework */; };
		D092E5D718C83B39003A3862 /* ResultView~ipad.xib in Resources */ = {isa = PBXBuildFile; fileRef = D092E5D618C83B39003A3862 /* ResultView~ipad.xib */; };
		D0E0AE8018C5C6B30069D746 /* GameViewController~ipad.xib in Resources */ = {isa = PBXBuildFile; fileRef = D0E0AE7818C5C6B30069D746 /* GameViewController~ipad.xib */; };
		D0E0AE8518C5C6B30069D746 /* NumberGameView~ipad.xib in Resources */ = {isa = PBXBuildFile; fileRef = D0E0AE7D18C5C6B30069D746 /* NumberGameView~ipad.xib */; };
		D0E1122B18C2EC6000808072 /* boing.caf in Resources */ = {isa = PBXBuildFile; fileRef = D0E1122118C2EC6000808072 /* boing.caf */; };
		D0E1122F18C2EC6000808072 /* winningEffect.caf in Resources */ = {isa = PBXBuildFile; fileRef = D0E1122518C2EC6000808072 /* winningEffect.caf */; };
		D0E1123218C2ECF300808072 /* pop.caf in Resources */ = {isa = PBXBuildFile; fileRef = D0E1123018C2ECF300808072 /* pop.caf */; };
		D0E1123318C2ECF300808072 /* ticking.caf in Resources */ = {isa = PBXBuildFile; fileRef = D0E1123118C2ECF300808072 /* ticking.caf */; };
		D0E1123518C2EDF000808072 /* bling.caf in Resources */ = {isa = PBXBuildFile; fileRef = D0E1123418C2EDF000808072 /* bling.caf */; };
		D0E1123818C30DE900808072 /* GameCenterHelper.m in Sources */ = {isa = PBXBuildFile; fileRef = D0E1123718C30DE900808072 /* GameCenterHelper.m */; };
		D0E30E8518A376E300FFD3CE /* Foundation.framework in Frameworks */ = {isa = PBXBuildFile; fileRef = D0E30E8418A376E300FFD3CE /* Foundation.framework */; };
		D0E30E8718A376E300FFD3CE /* CoreGraphics.framework in Frameworks */ = {isa = PBXBuildFile; fileRef = D0E30E8618A376E300FFD3CE /* CoreGraphics.framework */; };
		D0E30E8918A376E300FFD3CE /* UIKit.framework in Frameworks */ = {isa = PBXBuildFile; fileRef = D0E30E8818A376E300FFD3CE /* UIKit.framework */; };
		D0E30EA418A376E300FFD3CE /* XCTest.framework in Frameworks */ = {isa = PBXBuildFile; fileRef = D0E30EA318A376E300FFD3CE /* XCTest.framework */; };
		D0E30EA518A376E300FFD3CE /* Foundation.framework in Frameworks */ = {isa = PBXBuildFile; fileRef = D0E30E8418A376E300FFD3CE /* Foundation.framework */; };
		D0E30EA618A376E300FFD3CE /* UIKit.framework in Frameworks */ = {isa = PBXBuildFile; fileRef = D0E30E8818A376E300FFD3CE /* UIKit.framework */; };
		D0E30EDF18A37D6400FFD3CE /* QuartzCore.framework in Frameworks */ = {isa = PBXBuildFile; fileRef = D0E30EDE18A37D6400FFD3CE /* QuartzCore.framework */; };
		D0E3211118C87C4D00600DF2 /* MainWindow.xib in Resources */ = {isa = PBXBuildFile; fileRef = D0E3211018C87C4D00600DF2 /* MainWindow.xib */; };
		D0E3211318C87D9100600DF2 /* MainView~ipad.xib in Resources */ = {isa = PBXBuildFile; fileRef = D0E3211218C87D9100600DF2 /* MainView~ipad.xib */; };
		D0E364CE18BAFE8B00A5676B /* InGameMessageView.xib in Resources */ = {isa = PBXBuildFile; fileRef = D0E364CD18BAFE8B00A5676B /* InGameMessageView.xib */; };
		D0E364D118BAFE9D00A5676B /* InGameMessageView.m in Sources */ = {isa = PBXBuildFile; fileRef = D0E364D018BAFE9D00A5676B /* InGameMessageView.m */; };
		D0E36B8918C28CE700BA56E7 /* NumberGameIAPHelper.m in Sources */ = {isa = PBXBuildFile; fileRef = D0E36B8818C28CE700BA56E7 /* NumberGameIAPHelper.m */; };
		D0E36B8B18C2906F00BA56E7 /* StoreKit.framework in Frameworks */ = {isa = PBXBuildFile; fileRef = D0E36B8A18C2906F00BA56E7 /* StoreKit.framework */; };
		D0E388B418C06F45001000FC /* ResultView.xib in Resources */ = {isa = PBXBuildFile; fileRef = D0E388B318C06F45001000FC /* ResultView.xib */; };
		D0EB7A0D18BF239A00AC8CEB /* UserData.m in Sources */ = {isa = PBXBuildFile; fileRef = D0EB7A0C18BF239A00AC8CEB /* UserData.m */; };
		D0F0BAD018E905B400809CA2 /* AdSupport.framework in Frameworks */ = {isa = PBXBuildFile; fileRef = D0F0BACF18E905B400809CA2 /* AdSupport.framework */; };
		D0F0BB3718E905CE00809CA2 /* libGoogleAnalyticsServices.a in Frameworks */ = {isa = PBXBuildFile; fileRef = D0F0BADA18E905CD00809CA2 /* libGoogleAnalyticsServices.a */; };
		D0F0BB3818E905CE00809CA2 /* TrackUtils.m in Sources */ = {isa = PBXBuildFile; fileRef = D0F0BADC18E905CD00809CA2 /* TrackUtils.m */; };
		D0F0BB3918E905CE00809CA2 /* AppDelegateBase.m in Sources */ = {isa = PBXBuildFile; fileRef = D0F0BAE018E905CD00809CA2 /* AppDelegateBase.m */; };
		D0F0BB3A18E905CE00809CA2 /* Base.m in Sources */ = {isa = PBXBuildFile; fileRef = D0F0BAE318E905CD00809CA2 /* Base.m */; };
		D0F0BB3B18E905CE00809CA2 /* GameCenterHelperBase.m in Sources */ = {isa = PBXBuildFile; fileRef = D0F0BAE518E905CD00809CA2 /* GameCenterHelperBase.m */; };
		D0F0BB3C18E905CE00809CA2 /* GameLoopTimer.m in Sources */ = {isa = PBXBuildFile; fileRef = D0F0BAE718E905CD00809CA2 /* GameLoopTimer.m */; };
		D0F0BB3D18E905CE00809CA2 /* GameViewControllerBase.m in Sources */ = {isa = PBXBuildFile; fileRef = D0F0BAE918E905CD00809CA2 /* GameViewControllerBase.m */; };
		D0F0BB3E18E905CE00809CA2 /* Hex.m in Sources */ = {isa = PBXBuildFile; fileRef = D0F0BAEB18E905CD00809CA2 /* Hex.m */; };
		D0F0BB3F18E905CE00809CA2 /* NotificationManagerBase.m in Sources */ = {isa = PBXBuildFile; fileRef = D0F0BAED18E905CE00809CA2 /* NotificationManagerBase.m */; };
		D0F0BB4018E905CE00809CA2 /* XibDialogView.m in Sources */ = {isa = PBXBuildFile; fileRef = D0F0BAEF18E905CE00809CA2 /* XibDialogView.m */; };
		D0F0BB4118E905CE00809CA2 /* XibView.m in Sources */ = {isa = PBXBuildFile; fileRef = D0F0BAF118E905CE00809CA2 /* XibView.m */; };
		D0F0BB4218E905CE00809CA2 /* ProgressBarComponent.m in Sources */ = {isa = PBXBuildFile; fileRef = D0F0BAF418E905CE00809CA2 /* ProgressBarComponent.m */; };
		D0F0BB4318E905CE00809CA2 /* AppInfoHTTPRequest.m in Sources */ = {isa = PBXBuildFile; fileRef = D0F0BAF718E905CE00809CA2 /* AppInfoHTTPRequest.m */; };
		D0F0BB4418E905CE00809CA2 /* HTTPRequest.m in Sources */ = {isa = PBXBuildFile; fileRef = D0F0BAF918E905CE00809CA2 /* HTTPRequest.m */; };
		D0F0BB4518E905CE00809CA2 /* WorldObjectProperties.m in Sources */ = {isa = PBXBuildFile; fileRef = D0F0BAFC18E905CE00809CA2 /* WorldObjectProperties.m */; };
		D0F0BB4618E905CE00809CA2 /* WorldObjectView.m in Sources */ = {isa = PBXBuildFile; fileRef = D0F0BAFE18E905CE00809CA2 /* WorldObjectView.m */; };
		D0F0BB4718E905CE00809CA2 /* SoundEffect.m in Sources */ = {isa = PBXBuildFile; fileRef = D0F0BB0118E905CE00809CA2 /* SoundEffect.m */; };
		D0F0BB4818E905CE00809CA2 /* SoundEffectHelper.m in Sources */ = {isa = PBXBuildFile; fileRef = D0F0BB0318E905CE00809CA2 /* SoundEffectHelper.m */; };
		D0F0BB4918E905CE00809CA2 /* SoundManager.m in Sources */ = {isa = PBXBuildFile; fileRef = D0F0BB0518E905CE00809CA2 /* SoundManager.m */; };
		D0F0BB4A18E905CE00809CA2 /* AnimUtil.m in Sources */ = {isa = PBXBuildFile; fileRef = D0F0BB0818E905CE00809CA2 /* AnimUtil.m */; };
		D0F0BB4B18E905CE00809CA2 /* NSArray+Util.m in Sources */ = {isa = PBXBuildFile; fileRef = D0F0BB0A18E905CE00809CA2 /* NSArray+Util.m */; };
		D0F0BB4C18E905CE00809CA2 /* UIView+ViewUtil.m in Sources */ = {isa = PBXBuildFile; fileRef = D0F0BB0C18E905CE00809CA2 /* UIView+ViewUtil.m */; };
		D0F0BB4D18E905CE00809CA2 /* Utils.m in Sources */ = {isa = PBXBuildFile; fileRef = D0F0BB0E18E905CE00809CA2 /* Utils.m */; };
		D0F0BB4E18E905CE00809CA2 /* FXLabel.m in Sources */ = {isa = PBXBuildFile; fileRef = D0F0BB1118E905CE00809CA2 /* FXLabel.m */; };
		D0F0BB4F18E905CE00809CA2 /* GameCenterManager.m in Sources */ = {isa = PBXBuildFile; fileRef = D0F0BB1518E905CE00809CA2 /* GameCenterManager.m */; };
		D0F0BB5018E905CE00809CA2 /* IAPHelper.m in Sources */ = {isa = PBXBuildFile; fileRef = D0F0BB1818E905CE00809CA2 /* IAPHelper.m */; };
		D0F0BB5118E905CE00809CA2 /* iRate.bundle in Resources */ = {isa = PBXBuildFile; fileRef = D0F0BB1A18E905CE00809CA2 /* iRate.bundle */; };
		D0F0BB5218E905CE00809CA2 /* iRate.m in Sources */ = {isa = PBXBuildFile; fileRef = D0F0BB1C18E905CE00809CA2 /* iRate.m */; };
		D0F0BB5318E905CE00809CA2 /* FlappyBallIcon100x100.png in Resources */ = {isa = PBXBuildFile; fileRef = D0F0BB1F18E905CE00809CA2 /* FlappyBallIcon100x100.png */; };
		D0F0BB5418E905CE00809CA2 /* NGIcon120.png in Resources */ = {isa = PBXBuildFile; fileRef = D0F0BB2018E905CE00809CA2 /* NGIcon120.png */; };
		D0F0BB5518E905CE00809CA2 /* RushyKnightIcon120.png in Resources */ = {isa = PBXBuildFile; fileRef = D0F0BB2118E905CE00809CA2 /* RushyKnightIcon120.png */; };
		D0F0BB5618E905CE00809CA2 /* ToiletRush120.png in Resources */ = {isa = PBXBuildFile; fileRef = D0F0BB2218E905CE00809CA2 /* ToiletRush120.png */; };
		D0F0BB5718E905CE00809CA2 /* WTNappicon120x120.png in Resources */ = {isa = PBXBuildFile; fileRef = D0F0BB2318E905CE00809CA2 /* WTNappicon120x120.png */; };
		D0F0BB5818E905CE00809CA2 /* PromoBannerView.m in Sources */ = {isa = PBXBuildFile; fileRef = D0F0BB2618E905CE00809CA2 /* PromoBannerView.m */; };
		D0F0BB5918E905CE00809CA2 /* PromoBannerView.xib in Resources */ = {isa = PBXBuildFile; fileRef = D0F0BB2718E905CE00809CA2 /* PromoBannerView.xib */; };
		D0F0BB5A18E905CE00809CA2 /* PromoBannerView~ipad.xib in Resources */ = {isa = PBXBuildFile; fileRef = D0F0BB2818E905CE00809CA2 /* PromoBannerView~ipad.xib */; };
		D0F0BB5B18E905CE00809CA2 /* PromoDialogView.m in Sources */ = {isa = PBXBuildFile; fileRef = D0F0BB2A18E905CE00809CA2 /* PromoDialogView.m */; };
		D0F0BB5C18E905CE00809CA2 /* PromoDialogView.xib in Resources */ = {isa = PBXBuildFile; fileRef = D0F0BB2B18E905CE00809CA2 /* PromoDialogView.xib */; };
		D0F0BB5D18E905CE00809CA2 /* PromoDialogView~ipad.xib in Resources */ = {isa = PBXBuildFile; fileRef = D0F0BB2C18E905CE00809CA2 /* PromoDialogView~ipad.xib */; };
		D0F0BB5E18E905CE00809CA2 /* PromoGameData.m in Sources */ = {isa = PBXBuildFile; fileRef = D0F0BB2E18E905CE00809CA2 /* PromoGameData.m */; };
		D0F0BB5F18E905CE00809CA2 /* PromoIconView.m in Sources */ = {isa = PBXBuildFile; fileRef = D0F0BB3018E905CE00809CA2 /* PromoIconView.m */; };
		D0F0BB6018E905CE00809CA2 /* PromoIconView.xib in Resources */ = {isa = PBXBuildFile; fileRef = D0F0BB3118E905CE00809CA2 /* PromoIconView.xib */; };
		D0F0BB6118E905CE00809CA2 /* PromoManager.m in Sources */ = {isa = PBXBuildFile; fileRef = D0F0BB3318E905CE00809CA2 /* PromoManager.m */; };
		D0F0BB6218E905CE00809CA2 /* THLabel.m in Sources */ = {isa = PBXBuildFile; fileRef = D0F0BB3618E905CE00809CA2 /* THLabel.m */; };
		D0F0BB6418E9060700809CA2 /* CoreData.framework in Frameworks */ = {isa = PBXBuildFile; fileRef = D0F0BB6318E9060700809CA2 /* CoreData.framework */; };
		D0F0BB6618E9061000809CA2 /* SystemConfiguration.framework in Frameworks */ = {isa = PBXBuildFile; fileRef = D0F0BB6518E9061000809CA2 /* SystemConfiguration.framework */; };
		D0F0BB6818E9061600809CA2 /* libz.dylib in Frameworks */ = {isa = PBXBuildFile; fileRef = D0F0BB6718E9061600809CA2 /* libz.dylib */; };
/* End PBXBuildFile section */

/* Begin PBXContainerItemProxy section */
		D0E30EA718A376E300FFD3CE /* PBXContainerItemProxy */ = {
			isa = PBXContainerItemProxy;
			containerPortal = D0E30E7918A376E300FFD3CE /* Project object */;
			proxyType = 1;
			remoteGlobalIDString = D0E30E8018A376E300FFD3CE;
			remoteInfo = Bird;
		};
/* End PBXContainerItemProxy section */

/* Begin PBXFileReference section */
		D0338B8718C6E06E0006C8B6 /* InGameMessageView~ipad.xib */ = {isa = PBXFileReference; fileEncoding = 4; lastKnownFileType = file.xib; path = "InGameMessageView~ipad.xib"; sourceTree = "<group>"; };
		D0338B8918C713D60006C8B6 /* Achievementx1.png */ = {isa = PBXFileReference; lastKnownFileType = image.png; path = Achievementx1.png; sourceTree = "<group>"; };
		D0338B8A18C713D60006C8B6 /* Achievementx5.png */ = {isa = PBXFileReference; lastKnownFileType = image.png; path = Achievementx5.png; sourceTree = "<group>"; };
		D0338B8B18C713D60006C8B6 /* Achievementx10.png */ = {isa = PBXFileReference; lastKnownFileType = image.png; path = Achievementx10.png; sourceTree = "<group>"; };
		D0338B8C18C713D60006C8B6 /* Achievementx15.png */ = {isa = PBXFileReference; lastKnownFileType = image.png; path = Achievementx15.png; sourceTree = "<group>"; };
		D0338B8D18C713D60006C8B6 /* Achievementx20.png */ = {isa = PBXFileReference; lastKnownFileType = image.png; path = Achievementx20.png; sourceTree = "<group>"; };
		D0338B8E18C713D60006C8B6 /* Achievementx30.png */ = {isa = PBXFileReference; lastKnownFileType = image.png; path = Achievementx30.png; sourceTree = "<group>"; };
		D0338B8F18C713D60006C8B6 /* Achievementx40.png */ = {isa = PBXFileReference; lastKnownFileType = image.png; path = Achievementx40.png; sourceTree = "<group>"; };
		D0338B9018C713D60006C8B6 /* Achievementx50.png */ = {isa = PBXFileReference; lastKnownFileType = image.png; path = Achievementx50.png; sourceTree = "<group>"; };
		D0338B9118C713D60006C8B6 /* Achievementx60.png */ = {isa = PBXFileReference; lastKnownFileType = image.png; path = Achievementx60.png; sourceTree = "<group>"; };
		D0338B9218C713D60006C8B6 /* Achievementx75.png */ = {isa = PBXFileReference; lastKnownFileType = image.png; path = Achievementx75.png; sourceTree = "<group>"; };
		D0338B9318C713D60006C8B6 /* Achievementx90.png */ = {isa = PBXFileReference; lastKnownFileType = image.png; path = Achievementx90.png; sourceTree = "<group>"; };
		D0338B9418C713D60006C8B6 /* Achievementx115.png */ = {isa = PBXFileReference; lastKnownFileType = image.png; path = Achievementx115.png; sourceTree = "<group>"; };
		D0338B9518C713D60006C8B6 /* Achievementx130.png */ = {isa = PBXFileReference; lastKnownFileType = image.png; path = Achievementx130.png; sourceTree = "<group>"; };
		D0338B9618C713D60006C8B6 /* Achievementx150.png */ = {isa = PBXFileReference; lastKnownFileType = image.png; path = Achievementx150.png; sourceTree = "<group>"; };
		D0338B9718C713D60006C8B6 /* Achievementx170.png */ = {isa = PBXFileReference; lastKnownFileType = image.png; path = Achievementx170.png; sourceTree = "<group>"; };
		D0338B9818C713D60006C8B6 /* Achievementx200.png */ = {isa = PBXFileReference; lastKnownFileType = image.png; path = Achievementx200.png; sourceTree = "<group>"; };
		D0338B9918C713D60006C8B6 /* Achievementx250.png */ = {isa = PBXFileReference; lastKnownFileType = image.png; path = Achievementx250.png; sourceTree = "<group>"; };
		D0338B9A18C713D60006C8B6 /* Achievementx350.png */ = {isa = PBXFileReference; lastKnownFileType = image.png; path = Achievementx350.png; sourceTree = "<group>"; };
		D0338B9B18C713D60006C8B6 /* Achievementx500.png */ = {isa = PBXFileReference; lastKnownFileType = image.png; path = Achievementx500.png; sourceTree = "<group>"; };
		D0338B9C18C713D60006C8B6 /* Achievementx999.png */ = {isa = PBXFileReference; lastKnownFileType = image.png; path = Achievementx999.png; sourceTree = "<group>"; };
		D0338BB118C72DD30006C8B6 /* UnlockAnswer.png */ = {isa = PBXFileReference; lastKnownFileType = image.png; path = UnlockAnswer.png; sourceTree = "<group>"; };
		D0414E9418B36BD500A296F6 /* NumberGameView.xib */ = {isa = PBXFileReference; fileEncoding = 4; lastKnownFileType = file.xib; path = NumberGameView.xib; sourceTree = "<group>"; };
		D0414E9618B36C6A00A296F6 /* NumberGameView.h */ = {isa = PBXFileReference; fileEncoding = 4; lastKnownFileType = sourcecode.c.h; path = NumberGameView.h; sourceTree = "<group>"; };
		D0414E9718B36C6A00A296F6 /* NumberGameView.m */ = {isa = PBXFileReference; fileEncoding = 4; lastKnownFileType = sourcecode.c.objc; path = NumberGameView.m; sourceTree = "<group>"; };
		D048A83D18ACAAAB00411DF9 /* facebook_share.png */ = {isa = PBXFileReference; lastKnownFileType = image.png; path = facebook_share.png; sourceTree = "<group>"; };
		D048A83E18ACAAAB00411DF9 /* twitter_share.png */ = {isa = PBXFileReference; lastKnownFileType = image.png; path = twitter_share.png; sourceTree = "<group>"; };
		D048A84518ACB25200411DF9 /* GameKit.framework */ = {isa = PBXFileReference; lastKnownFileType = wrapper.framework; name = GameKit.framework; path = System/Library/Frameworks/GameKit.framework; sourceTree = SDKROOT; };
		D04F704118AA1197000509AA /* Social.framework */ = {isa = PBXFileReference; lastKnownFileType = wrapper.framework; name = Social.framework; path = System/Library/Frameworks/Social.framework; sourceTree = SDKROOT; };
		D05A82DB18B3223C003C18EB /* AppDelegate.h */ = {isa = PBXFileReference; fileEncoding = 4; lastKnownFileType = sourcecode.c.h; path = AppDelegate.h; sourceTree = "<group>"; };
		D05A82DC18B3223C003C18EB /* AppDelegate.m */ = {isa = PBXFileReference; fileEncoding = 4; lastKnownFileType = sourcecode.c.objc; path = AppDelegate.m; sourceTree = "<group>"; };
		D05A82E118B3223C003C18EB /* GameConstants.h */ = {isa = PBXFileReference; fileEncoding = 4; lastKnownFileType = sourcecode.c.h; path = GameConstants.h; sourceTree = "<group>"; };
		D05A82E218B3223C003C18EB /* GameConstants.m */ = {isa = PBXFileReference; fileEncoding = 4; lastKnownFileType = sourcecode.c.objc; path = GameConstants.m; sourceTree = "<group>"; };
		D05A82E318B3223C003C18EB /* GameViewController.h */ = {isa = PBXFileReference; fileEncoding = 4; lastKnownFileType = sourcecode.c.h; path = GameViewController.h; sourceTree = "<group>"; };
		D05A82E418B3223C003C18EB /* GameViewController.m */ = {isa = PBXFileReference; fileEncoding = 4; lastKnownFileType = sourcecode.c.objc; path = GameViewController.m; sourceTree = "<group>"; };
		D05A82E718B3223C003C18EB /* MainView.h */ = {isa = PBXFileReference; fileEncoding = 4; lastKnownFileType = sourcecode.c.h; path = MainView.h; sourceTree = "<group>"; };
		D05A82E818B3223C003C18EB /* MainView.m */ = {isa = PBXFileReference; fileEncoding = 4; lastKnownFileType = sourcecode.c.objc; path = MainView.m; sourceTree = "<group>"; };
		D05A82E918B3223C003C18EB /* MenuView.h */ = {isa = PBXFileReference; fileEncoding = 4; lastKnownFileType = sourcecode.c.h; path = MenuView.h; sourceTree = "<group>"; };
		D05A82EA18B3223C003C18EB /* MenuView.m */ = {isa = PBXFileReference; fileEncoding = 4; lastKnownFileType = sourcecode.c.objc; path = MenuView.m; sourceTree = "<group>"; };
		D05A82EB18B3223C003C18EB /* NotificationManager.h */ = {isa = PBXFileReference; fileEncoding = 4; lastKnownFileType = sourcecode.c.h; path = NotificationManager.h; sourceTree = "<group>"; };
		D05A82EC18B3223C003C18EB /* NotificationManager.m */ = {isa = PBXFileReference; fileEncoding = 4; lastKnownFileType = sourcecode.c.objc; path = NotificationManager.m; sourceTree = "<group>"; };
		D05A82EF18B3223C003C18EB /* ResultView.h */ = {isa = PBXFileReference; fileEncoding = 4; lastKnownFileType = sourcecode.c.h; path = ResultView.h; sourceTree = "<group>"; };
		D05A82F018B3223C003C18EB /* ResultView.m */ = {isa = PBXFileReference; fileEncoding = 4; lastKnownFileType = sourcecode.c.objc; path = ResultView.m; sourceTree = "<group>"; };
		D05A82F418B3223C003C18EB /* en */ = {isa = PBXFileReference; lastKnownFileType = text.plist.strings; name = en; path = en.lproj/InfoPlist.strings; sourceTree = "<group>"; };
		D05A82F518B3223C003C18EB /* Images.xcassets */ = {isa = PBXFileReference; lastKnownFileType = folder.assetcatalog; path = Images.xcassets; sourceTree = "<group>"; };
		D05A82F618B3223C003C18EB /* main.m */ = {isa = PBXFileReference; fileEncoding = 4; lastKnownFileType = sourcecode.c.objc; path = main.m; sourceTree = "<group>"; };
		D05A82F718B3223C003C18EB /* What Answer-Info.plist */ = {isa = PBXFileReference; fileEncoding = 4; lastKnownFileType = text.plist.xml; path = "What Answer-Info.plist"; sourceTree = "<group>"; };
		D05A82F818B3223C003C18EB /* What Answer-Prefix.pch */ = {isa = PBXFileReference; fileEncoding = 4; lastKnownFileType = sourcecode.c.h; path = "What Answer-Prefix.pch"; sourceTree = "<group>"; };
		D05A82FE18B3223C003C18EB /* GameViewController.xib */ = {isa = PBXFileReference; fileEncoding = 4; lastKnownFileType = file.xib; path = GameViewController.xib; sourceTree = "<group>"; };
		D05A830218B3223C003C18EB /* MainView.xib */ = {isa = PBXFileReference; fileEncoding = 4; lastKnownFileType = file.xib; path = MainView.xib; sourceTree = "<group>"; };
		D05A832F18B32785003C18EB /* NumberManager.h */ = {isa = PBXFileReference; fileEncoding = 4; lastKnownFileType = sourcecode.c.h; path = NumberManager.h; sourceTree = "<group>"; };
		D05A833018B32785003C18EB /* NumberManager.m */ = {isa = PBXFileReference; fileEncoding = 4; lastKnownFileType = sourcecode.c.objc; path = NumberManager.m; sourceTree = "<group>"; };
		D07F417F18A4D8C7009680FD /* iAd.framework */ = {isa = PBXFileReference; lastKnownFileType = wrapper.framework; name = iAd.framework; path = System/Library/Frameworks/iAd.framework; sourceTree = SDKROOT; };
		D092E5D618C83B39003A3862 /* ResultView~ipad.xib */ = {isa = PBXFileReference; fileEncoding = 4; lastKnownFileType = file.xib; path = "ResultView~ipad.xib"; sourceTree = "<group>"; };
		D0E0AE7818C5C6B30069D746 /* GameViewController~ipad.xib */ = {isa = PBXFileReference; fileEncoding = 4; lastKnownFileType = file.xib; path = "GameViewController~ipad.xib"; sourceTree = "<group>"; };
		D0E0AE7D18C5C6B30069D746 /* NumberGameView~ipad.xib */ = {isa = PBXFileReference; fileEncoding = 4; lastKnownFileType = file.xib; path = "NumberGameView~ipad.xib"; sourceTree = "<group>"; };
		D0E1122118C2EC6000808072 /* boing.caf */ = {isa = PBXFileReference; lastKnownFileType = file; path = boing.caf; sourceTree = "<group>"; };
		D0E1122518C2EC6000808072 /* winningEffect.caf */ = {isa = PBXFileReference; lastKnownFileType = file; path = winningEffect.caf; sourceTree = "<group>"; };
		D0E1123018C2ECF300808072 /* pop.caf */ = {isa = PBXFileReference; lastKnownFileType = file; path = pop.caf; sourceTree = "<group>"; };
		D0E1123118C2ECF300808072 /* ticking.caf */ = {isa = PBXFileReference; lastKnownFileType = file; path = ticking.caf; sourceTree = "<group>"; };
		D0E1123418C2EDF000808072 /* bling.caf */ = {isa = PBXFileReference; lastKnownFileType = file; path = bling.caf; sourceTree = "<group>"; };
		D0E1123618C30DE900808072 /* GameCenterHelper.h */ = {isa = PBXFileReference; fileEncoding = 4; lastKnownFileType = sourcecode.c.h; path = GameCenterHelper.h; sourceTree = "<group>"; };
		D0E1123718C30DE900808072 /* GameCenterHelper.m */ = {isa = PBXFileReference; fileEncoding = 4; lastKnownFileType = sourcecode.c.objc; path = GameCenterHelper.m; sourceTree = "<group>"; };
		D0E30E8118A376E300FFD3CE /* What Answer.app */ = {isa = PBXFileReference; explicitFileType = wrapper.application; includeInIndex = 0; path = "What Answer.app"; sourceTree = BUILT_PRODUCTS_DIR; };
		D0E30E8418A376E300FFD3CE /* Foundation.framework */ = {isa = PBXFileReference; lastKnownFileType = wrapper.framework; name = Foundation.framework; path = System/Library/Frameworks/Foundation.framework; sourceTree = SDKROOT; };
		D0E30E8618A376E300FFD3CE /* CoreGraphics.framework */ = {isa = PBXFileReference; lastKnownFileType = wrapper.framework; name = CoreGraphics.framework; path = System/Library/Frameworks/CoreGraphics.framework; sourceTree = SDKROOT; };
		D0E30E8818A376E300FFD3CE /* UIKit.framework */ = {isa = PBXFileReference; lastKnownFileType = wrapper.framework; name = UIKit.framework; path = System/Library/Frameworks/UIKit.framework; sourceTree = SDKROOT; };
		D0E30EA218A376E300FFD3CE /* What AnswerTests.xctest */ = {isa = PBXFileReference; explicitFileType = wrapper.cfbundle; includeInIndex = 0; path = "What AnswerTests.xctest"; sourceTree = BUILT_PRODUCTS_DIR; };
		D0E30EA318A376E300FFD3CE /* XCTest.framework */ = {isa = PBXFileReference; lastKnownFileType = wrapper.framework; name = XCTest.framework; path = Library/Frameworks/XCTest.framework; sourceTree = DEVELOPER_DIR; };
		D0E30EDE18A37D6400FFD3CE /* QuartzCore.framework */ = {isa = PBXFileReference; lastKnownFileType = wrapper.framework; name = QuartzCore.framework; path = System/Library/Frameworks/QuartzCore.framework; sourceTree = SDKROOT; };
		D0E3211018C87C4D00600DF2 /* MainWindow.xib */ = {isa = PBXFileReference; fileEncoding = 4; lastKnownFileType = file.xib; path = MainWindow.xib; sourceTree = "<group>"; };
		D0E3211218C87D9100600DF2 /* MainView~ipad.xib */ = {isa = PBXFileReference; fileEncoding = 4; lastKnownFileType = file.xib; path = "MainView~ipad.xib"; sourceTree = "<group>"; };
		D0E364CD18BAFE8B00A5676B /* InGameMessageView.xib */ = {isa = PBXFileReference; fileEncoding = 4; lastKnownFileType = file.xib; path = InGameMessageView.xib; sourceTree = "<group>"; };
		D0E364CF18BAFE9D00A5676B /* InGameMessageView.h */ = {isa = PBXFileReference; fileEncoding = 4; lastKnownFileType = sourcecode.c.h; path = InGameMessageView.h; sourceTree = "<group>"; };
		D0E364D018BAFE9D00A5676B /* InGameMessageView.m */ = {isa = PBXFileReference; fileEncoding = 4; lastKnownFileType = sourcecode.c.objc; path = InGameMessageView.m; sourceTree = "<group>"; };
		D0E36B8718C28CE700BA56E7 /* NumberGameIAPHelper.h */ = {isa = PBXFileReference; fileEncoding = 4; lastKnownFileType = sourcecode.c.h; path = NumberGameIAPHelper.h; sourceTree = "<group>"; };
		D0E36B8818C28CE700BA56E7 /* NumberGameIAPHelper.m */ = {isa = PBXFileReference; fileEncoding = 4; lastKnownFileType = sourcecode.c.objc; path = NumberGameIAPHelper.m; sourceTree = "<group>"; };
		D0E36B8A18C2906F00BA56E7 /* StoreKit.framework */ = {isa = PBXFileReference; lastKnownFileType = wrapper.framework; name = StoreKit.framework; path = System/Library/Frameworks/StoreKit.framework; sourceTree = SDKROOT; };
		D0E388B318C06F45001000FC /* ResultView.xib */ = {isa = PBXFileReference; fileEncoding = 4; lastKnownFileType = file.xib; path = ResultView.xib; sourceTree = "<group>"; };
		D0EB7A0B18BF239A00AC8CEB /* UserData.h */ = {isa = PBXFileReference; fileEncoding = 4; lastKnownFileType = sourcecode.c.h; path = UserData.h; sourceTree = "<group>"; };
		D0EB7A0C18BF239A00AC8CEB /* UserData.m */ = {isa = PBXFileReference; fileEncoding = 4; lastKnownFileType = sourcecode.c.objc; path = UserData.m; sourceTree = "<group>"; };
		D0F0BACF18E905B400809CA2 /* AdSupport.framework */ = {isa = PBXFileReference; lastKnownFileType = wrapper.framework; name = AdSupport.framework; path = System/Library/Frameworks/AdSupport.framework; sourceTree = SDKROOT; };
		D0F0BAD418E905CD00809CA2 /* GAI.h */ = {isa = PBXFileReference; fileEncoding = 4; lastKnownFileType = sourcecode.c.h; path = GAI.h; sourceTree = "<group>"; };
		D0F0BAD518E905CD00809CA2 /* GAIDictionaryBuilder.h */ = {isa = PBXFileReference; fileEncoding = 4; lastKnownFileType = sourcecode.c.h; path = GAIDictionaryBuilder.h; sourceTree = "<group>"; };
		D0F0BAD618E905CD00809CA2 /* GAIFields.h */ = {isa = PBXFileReference; fileEncoding = 4; lastKnownFileType = sourcecode.c.h; path = GAIFields.h; sourceTree = "<group>"; };
		D0F0BAD718E905CD00809CA2 /* GAILogger.h */ = {isa = PBXFileReference; fileEncoding = 4; lastKnownFileType = sourcecode.c.h; path = GAILogger.h; sourceTree = "<group>"; };
		D0F0BAD818E905CD00809CA2 /* GAITrackedViewController.h */ = {isa = PBXFileReference; fileEncoding = 4; lastKnownFileType = sourcecode.c.h; path = GAITrackedViewController.h; sourceTree = "<group>"; };
		D0F0BAD918E905CD00809CA2 /* GAITracker.h */ = {isa = PBXFileReference; fileEncoding = 4; lastKnownFileType = sourcecode.c.h; path = GAITracker.h; sourceTree = "<group>"; };
		D0F0BADA18E905CD00809CA2 /* libGoogleAnalyticsServices.a */ = {isa = PBXFileReference; lastKnownFileType = archive.ar; path = libGoogleAnalyticsServices.a; sourceTree = "<group>"; };
		D0F0BADB18E905CD00809CA2 /* TrackUtils.h */ = {isa = PBXFileReference; fileEncoding = 4; lastKnownFileType = sourcecode.c.h; path = TrackUtils.h; sourceTree = "<group>"; };
		D0F0BADC18E905CD00809CA2 /* TrackUtils.m */ = {isa = PBXFileReference; fileEncoding = 4; lastKnownFileType = sourcecode.c.objc; path = TrackUtils.m; sourceTree = "<group>"; };
		D0F0BADF18E905CD00809CA2 /* AppDelegateBase.h */ = {isa = PBXFileReference; fileEncoding = 4; lastKnownFileType = sourcecode.c.h; path = AppDelegateBase.h; sourceTree = "<group>"; };
		D0F0BAE018E905CD00809CA2 /* AppDelegateBase.m */ = {isa = PBXFileReference; fileEncoding = 4; lastKnownFileType = sourcecode.c.objc; path = AppDelegateBase.m; sourceTree = "<group>"; };
		D0F0BAE118E905CD00809CA2 /* Base-Prefix.pch */ = {isa = PBXFileReference; fileEncoding = 4; lastKnownFileType = sourcecode.c.h; path = "Base-Prefix.pch"; sourceTree = "<group>"; };
		D0F0BAE218E905CD00809CA2 /* Base.h */ = {isa = PBXFileReference; fileEncoding = 4; lastKnownFileType = sourcecode.c.h; path = Base.h; sourceTree = "<group>"; };
		D0F0BAE318E905CD00809CA2 /* Base.m */ = {isa = PBXFileReference; fileEncoding = 4; lastKnownFileType = sourcecode.c.objc; path = Base.m; sourceTree = "<group>"; };
		D0F0BAE418E905CD00809CA2 /* GameCenterHelperBase.h */ = {isa = PBXFileReference; fileEncoding = 4; lastKnownFileType = sourcecode.c.h; path = GameCenterHelperBase.h; sourceTree = "<group>"; };
		D0F0BAE518E905CD00809CA2 /* GameCenterHelperBase.m */ = {isa = PBXFileReference; fileEncoding = 4; lastKnownFileType = sourcecode.c.objc; path = GameCenterHelperBase.m; sourceTree = "<group>"; };
		D0F0BAE618E905CD00809CA2 /* GameLoopTimer.h */ = {isa = PBXFileReference; fileEncoding = 4; lastKnownFileType = sourcecode.c.h; path = GameLoopTimer.h; sourceTree = "<group>"; };
		D0F0BAE718E905CD00809CA2 /* GameLoopTimer.m */ = {isa = PBXFileReference; fileEncoding = 4; lastKnownFileType = sourcecode.c.objc; path = GameLoopTimer.m; sourceTree = "<group>"; };
		D0F0BAE818E905CD00809CA2 /* GameViewControllerBase.h */ = {isa = PBXFileReference; fileEncoding = 4; lastKnownFileType = sourcecode.c.h; path = GameViewControllerBase.h; sourceTree = "<group>"; };
		D0F0BAE918E905CD00809CA2 /* GameViewControllerBase.m */ = {isa = PBXFileReference; fileEncoding = 4; lastKnownFileType = sourcecode.c.objc; path = GameViewControllerBase.m; sourceTree = "<group>"; };
		D0F0BAEA18E905CD00809CA2 /* Hex.h */ = {isa = PBXFileReference; fileEncoding = 4; lastKnownFileType = sourcecode.c.h; path = Hex.h; sourceTree = "<group>"; };
		D0F0BAEB18E905CD00809CA2 /* Hex.m */ = {isa = PBXFileReference; fileEncoding = 4; lastKnownFileType = sourcecode.c.objc; path = Hex.m; sourceTree = "<group>"; };
		D0F0BAEC18E905CD00809CA2 /* NotificationManagerBase.h */ = {isa = PBXFileReference; fileEncoding = 4; lastKnownFileType = sourcecode.c.h; path = NotificationManagerBase.h; sourceTree = "<group>"; };
		D0F0BAED18E905CE00809CA2 /* NotificationManagerBase.m */ = {isa = PBXFileReference; fileEncoding = 4; lastKnownFileType = sourcecode.c.objc; path = NotificationManagerBase.m; sourceTree = "<group>"; };
		D0F0BAEE18E905CE00809CA2 /* XibDialogView.h */ = {isa = PBXFileReference; fileEncoding = 4; lastKnownFileType = sourcecode.c.h; path = XibDialogView.h; sourceTree = "<group>"; };
		D0F0BAEF18E905CE00809CA2 /* XibDialogView.m */ = {isa = PBXFileReference; fileEncoding = 4; lastKnownFileType = sourcecode.c.objc; path = XibDialogView.m; sourceTree = "<group>"; };
		D0F0BAF018E905CE00809CA2 /* XibView.h */ = {isa = PBXFileReference; fileEncoding = 4; lastKnownFileType = sourcecode.c.h; path = XibView.h; sourceTree = "<group>"; };
		D0F0BAF118E905CE00809CA2 /* XibView.m */ = {isa = PBXFileReference; fileEncoding = 4; lastKnownFileType = sourcecode.c.objc; path = XibView.m; sourceTree = "<group>"; };
		D0F0BAF318E905CE00809CA2 /* ProgressBarComponent.h */ = {isa = PBXFileReference; fileEncoding = 4; lastKnownFileType = sourcecode.c.h; path = ProgressBarComponent.h; sourceTree = "<group>"; };
		D0F0BAF418E905CE00809CA2 /* ProgressBarComponent.m */ = {isa = PBXFileReference; fileEncoding = 4; lastKnownFileType = sourcecode.c.objc; path = ProgressBarComponent.m; sourceTree = "<group>"; };
		D0F0BAF618E905CE00809CA2 /* AppInfoHTTPRequest.h */ = {isa = PBXFileReference; fileEncoding = 4; lastKnownFileType = sourcecode.c.h; path = AppInfoHTTPRequest.h; sourceTree = "<group>"; };
		D0F0BAF718E905CE00809CA2 /* AppInfoHTTPRequest.m */ = {isa = PBXFileReference; fileEncoding = 4; lastKnownFileType = sourcecode.c.objc; path = AppInfoHTTPRequest.m; sourceTree = "<group>"; };
		D0F0BAF818E905CE00809CA2 /* HTTPRequest.h */ = {isa = PBXFileReference; fileEncoding = 4; lastKnownFileType = sourcecode.c.h; path = HTTPRequest.h; sourceTree = "<group>"; };
		D0F0BAF918E905CE00809CA2 /* HTTPRequest.m */ = {isa = PBXFileReference; fileEncoding = 4; lastKnownFileType = sourcecode.c.objc; path = HTTPRequest.m; sourceTree = "<group>"; };
		D0F0BAFB18E905CE00809CA2 /* WorldObjectProperties.h */ = {isa = PBXFileReference; fileEncoding = 4; lastKnownFileType = sourcecode.c.h; path = WorldObjectProperties.h; sourceTree = "<group>"; };
		D0F0BAFC18E905CE00809CA2 /* WorldObjectProperties.m */ = {isa = PBXFileReference; fileEncoding = 4; lastKnownFileType = sourcecode.c.objc; path = WorldObjectProperties.m; sourceTree = "<group>"; };
		D0F0BAFD18E905CE00809CA2 /* WorldObjectView.h */ = {isa = PBXFileReference; fileEncoding = 4; lastKnownFileType = sourcecode.c.h; path = WorldObjectView.h; sourceTree = "<group>"; };
		D0F0BAFE18E905CE00809CA2 /* WorldObjectView.m */ = {isa = PBXFileReference; fileEncoding = 4; lastKnownFileType = sourcecode.c.objc; path = WorldObjectView.m; sourceTree = "<group>"; };
		D0F0BB0018E905CE00809CA2 /* SoundEffect.h */ = {isa = PBXFileReference; fileEncoding = 4; lastKnownFileType = sourcecode.c.h; path = SoundEffect.h; sourceTree = "<group>"; };
		D0F0BB0118E905CE00809CA2 /* SoundEffect.m */ = {isa = PBXFileReference; fileEncoding = 4; lastKnownFileType = sourcecode.c.objc; path = SoundEffect.m; sourceTree = "<group>"; };
		D0F0BB0218E905CE00809CA2 /* SoundEffectHelper.h */ = {isa = PBXFileReference; fileEncoding = 4; lastKnownFileType = sourcecode.c.h; path = SoundEffectHelper.h; sourceTree = "<group>"; };
		D0F0BB0318E905CE00809CA2 /* SoundEffectHelper.m */ = {isa = PBXFileReference; fileEncoding = 4; lastKnownFileType = sourcecode.c.objc; path = SoundEffectHelper.m; sourceTree = "<group>"; };
		D0F0BB0418E905CE00809CA2 /* SoundManager.h */ = {isa = PBXFileReference; fileEncoding = 4; lastKnownFileType = sourcecode.c.h; path = SoundManager.h; sourceTree = "<group>"; };
		D0F0BB0518E905CE00809CA2 /* SoundManager.m */ = {isa = PBXFileReference; fileEncoding = 4; lastKnownFileType = sourcecode.c.objc; path = SoundManager.m; sourceTree = "<group>"; };
		D0F0BB0718E905CE00809CA2 /* AnimUtil.h */ = {isa = PBXFileReference; fileEncoding = 4; lastKnownFileType = sourcecode.c.h; path = AnimUtil.h; sourceTree = "<group>"; };
		D0F0BB0818E905CE00809CA2 /* AnimUtil.m */ = {isa = PBXFileReference; fileEncoding = 4; lastKnownFileType = sourcecode.c.objc; path = AnimUtil.m; sourceTree = "<group>"; };
		D0F0BB0918E905CE00809CA2 /* NSArray+Util.h */ = {isa = PBXFileReference; fileEncoding = 4; lastKnownFileType = sourcecode.c.h; path = "NSArray+Util.h"; sourceTree = "<group>"; };
		D0F0BB0A18E905CE00809CA2 /* NSArray+Util.m */ = {isa = PBXFileReference; fileEncoding = 4; lastKnownFileType = sourcecode.c.objc; path = "NSArray+Util.m"; sourceTree = "<group>"; };
		D0F0BB0B18E905CE00809CA2 /* UIView+ViewUtil.h */ = {isa = PBXFileReference; fileEncoding = 4; lastKnownFileType = sourcecode.c.h; path = "UIView+ViewUtil.h"; sourceTree = "<group>"; };
		D0F0BB0C18E905CE00809CA2 /* UIView+ViewUtil.m */ = {isa = PBXFileReference; fileEncoding = 4; lastKnownFileType = sourcecode.c.objc; path = "UIView+ViewUtil.m"; sourceTree = "<group>"; };
		D0F0BB0D18E905CE00809CA2 /* Utils.h */ = {isa = PBXFileReference; fileEncoding = 4; lastKnownFileType = sourcecode.c.h; path = Utils.h; sourceTree = "<group>"; };
		D0F0BB0E18E905CE00809CA2 /* Utils.m */ = {isa = PBXFileReference; fileEncoding = 4; lastKnownFileType = sourcecode.c.objc; path = Utils.m; sourceTree = "<group>"; };
		D0F0BB1018E905CE00809CA2 /* FXLabel.h */ = {isa = PBXFileReference; fileEncoding = 4; lastKnownFileType = sourcecode.c.h; path = FXLabel.h; sourceTree = "<group>"; };
		D0F0BB1118E905CE00809CA2 /* FXLabel.m */ = {isa = PBXFileReference; fileEncoding = 4; lastKnownFileType = sourcecode.c.objc; path = FXLabel.m; sourceTree = "<group>"; };
		D0F0BB1318E905CE00809CA2 /* AppSpecificValues.h */ = {isa = PBXFileReference; fileEncoding = 4; lastKnownFileType = sourcecode.c.h; path = AppSpecificValues.h; sourceTree = "<group>"; };
		D0F0BB1418E905CE00809CA2 /* GameCenterManager.h */ = {isa = PBXFileReference; fileEncoding = 4; lastKnownFileType = sourcecode.c.h; path = GameCenterManager.h; sourceTree = "<group>"; };
		D0F0BB1518E905CE00809CA2 /* GameCenterManager.m */ = {isa = PBXFileReference; fileEncoding = 4; lastKnownFileType = sourcecode.c.objc; path = GameCenterManager.m; sourceTree = "<group>"; };
		D0F0BB1718E905CE00809CA2 /* IAPHelper.h */ = {isa = PBXFileReference; fileEncoding = 4; lastKnownFileType = sourcecode.c.h; path = IAPHelper.h; sourceTree = "<group>"; };
		D0F0BB1818E905CE00809CA2 /* IAPHelper.m */ = {isa = PBXFileReference; fileEncoding = 4; lastKnownFileType = sourcecode.c.objc; path = IAPHelper.m; sourceTree = "<group>"; };
		D0F0BB1A18E905CE00809CA2 /* iRate.bundle */ = {isa = PBXFileReference; lastKnownFileType = "wrapper.plug-in"; path = iRate.bundle; sourceTree = "<group>"; };
		D0F0BB1B18E905CE00809CA2 /* iRate.h */ = {isa = PBXFileReference; fileEncoding = 4; lastKnownFileType = sourcecode.c.h; path = iRate.h; sourceTree = "<group>"; };
		D0F0BB1C18E905CE00809CA2 /* iRate.m */ = {isa = PBXFileReference; fileEncoding = 4; lastKnownFileType = sourcecode.c.objc; path = iRate.m; sourceTree = "<group>"; };
		D0F0BB1F18E905CE00809CA2 /* FlappyBallIcon100x100.png */ = {isa = PBXFileReference; lastKnownFileType = image.png; path = FlappyBallIcon100x100.png; sourceTree = "<group>"; };
		D0F0BB2018E905CE00809CA2 /* NGIcon120.png */ = {isa = PBXFileReference; lastKnownFileType = image.png; path = NGIcon120.png; sourceTree = "<group>"; };
		D0F0BB2118E905CE00809CA2 /* RushyKnightIcon120.png */ = {isa = PBXFileReference; lastKnownFileType = image.png; path = RushyKnightIcon120.png; sourceTree = "<group>"; };
		D0F0BB2218E905CE00809CA2 /* ToiletRush120.png */ = {isa = PBXFileReference; lastKnownFileType = image.png; path = ToiletRush120.png; sourceTree = "<group>"; };
		D0F0BB2318E905CE00809CA2 /* WTNappicon120x120.png */ = {isa = PBXFileReference; lastKnownFileType = image.png; path = WTNappicon120x120.png; sourceTree = "<group>"; };
		D0F0BB2518E905CE00809CA2 /* PromoBannerView.h */ = {isa = PBXFileReference; fileEncoding = 4; lastKnownFileType = sourcecode.c.h; path = PromoBannerView.h; sourceTree = "<group>"; };
		D0F0BB2618E905CE00809CA2 /* PromoBannerView.m */ = {isa = PBXFileReference; fileEncoding = 4; lastKnownFileType = sourcecode.c.objc; path = PromoBannerView.m; sourceTree = "<group>"; };
		D0F0BB2718E905CE00809CA2 /* PromoBannerView.xib */ = {isa = PBXFileReference; fileEncoding = 4; lastKnownFileType = file.xib; path = PromoBannerView.xib; sourceTree = "<group>"; };
		D0F0BB2818E905CE00809CA2 /* PromoBannerView~ipad.xib */ = {isa = PBXFileReference; fileEncoding = 4; lastKnownFileType = file.xib; path = "PromoBannerView~ipad.xib"; sourceTree = "<group>"; };
		D0F0BB2918E905CE00809CA2 /* PromoDialogView.h */ = {isa = PBXFileReference; fileEncoding = 4; lastKnownFileType = sourcecode.c.h; path = PromoDialogView.h; sourceTree = "<group>"; };
		D0F0BB2A18E905CE00809CA2 /* PromoDialogView.m */ = {isa = PBXFileReference; fileEncoding = 4; lastKnownFileType = sourcecode.c.objc; path = PromoDialogView.m; sourceTree = "<group>"; };
		D0F0BB2B18E905CE00809CA2 /* PromoDialogView.xib */ = {isa = PBXFileReference; fileEncoding = 4; lastKnownFileType = file.xib; path = PromoDialogView.xib; sourceTree = "<group>"; };
		D0F0BB2C18E905CE00809CA2 /* PromoDialogView~ipad.xib */ = {isa = PBXFileReference; fileEncoding = 4; lastKnownFileType = file.xib; path = "PromoDialogView~ipad.xib"; sourceTree = "<group>"; };
		D0F0BB2D18E905CE00809CA2 /* PromoGameData.h */ = {isa = PBXFileReference; fileEncoding = 4; lastKnownFileType = sourcecode.c.h; path = PromoGameData.h; sourceTree = "<group>"; };
		D0F0BB2E18E905CE00809CA2 /* PromoGameData.m */ = {isa = PBXFileReference; fileEncoding = 4; lastKnownFileType = sourcecode.c.objc; path = PromoGameData.m; sourceTree = "<group>"; };
		D0F0BB2F18E905CE00809CA2 /* PromoIconView.h */ = {isa = PBXFileReference; fileEncoding = 4; lastKnownFileType = sourcecode.c.h; path = PromoIconView.h; sourceTree = "<group>"; };
		D0F0BB3018E905CE00809CA2 /* PromoIconView.m */ = {isa = PBXFileReference; fileEncoding = 4; lastKnownFileType = sourcecode.c.objc; path = PromoIconView.m; sourceTree = "<group>"; };
		D0F0BB3118E905CE00809CA2 /* PromoIconView.xib */ = {isa = PBXFileReference; fileEncoding = 4; lastKnownFileType = file.xib; path = PromoIconView.xib; sourceTree = "<group>"; };
		D0F0BB3218E905CE00809CA2 /* PromoManager.h */ = {isa = PBXFileReference; fileEncoding = 4; lastKnownFileType = sourcecode.c.h; path = PromoManager.h; sourceTree = "<group>"; };
		D0F0BB3318E905CE00809CA2 /* PromoManager.m */ = {isa = PBXFileReference; fileEncoding = 4; lastKnownFileType = sourcecode.c.objc; path = PromoManager.m; sourceTree = "<group>"; };
		D0F0BB3518E905CE00809CA2 /* THLabel.h */ = {isa = PBXFileReference; fileEncoding = 4; lastKnownFileType = sourcecode.c.h; path = THLabel.h; sourceTree = "<group>"; };
		D0F0BB3618E905CE00809CA2 /* THLabel.m */ = {isa = PBXFileReference; fileEncoding = 4; lastKnownFileType = sourcecode.c.objc; path = THLabel.m; sourceTree = "<group>"; };
		D0F0BB6318E9060700809CA2 /* CoreData.framework */ = {isa = PBXFileReference; lastKnownFileType = wrapper.framework; name = CoreData.framework; path = System/Library/Frameworks/CoreData.framework; sourceTree = SDKROOT; };
		D0F0BB6518E9061000809CA2 /* SystemConfiguration.framework */ = {isa = PBXFileReference; lastKnownFileType = wrapper.framework; name = SystemConfiguration.framework; path = System/Library/Frameworks/SystemConfiguration.framework; sourceTree = SDKROOT; };
		D0F0BB6718E9061600809CA2 /* libz.dylib */ = {isa = PBXFileReference; lastKnownFileType = "compiled.mach-o.dylib"; name = libz.dylib; path = usr/lib/libz.dylib; sourceTree = SDKROOT; };
/* End PBXFileReference section */

/* Begin PBXFrameworksBuildPhase section */
		D0E30E7E18A376E300FFD3CE /* Frameworks */ = {
			isa = PBXFrameworksBuildPhase;
			buildActionMask = 2147483647;
			files = (
				D0F0BB6818E9061600809CA2 /* libz.dylib in Frameworks */,
				D0F0BB6618E9061000809CA2 /* SystemConfiguration.framework in Frameworks */,
				D0F0BB6418E9060700809CA2 /* CoreData.framework in Frameworks */,
				D0F0BAD018E905B400809CA2 /* AdSupport.framework in Frameworks */,
				D0E36B8B18C2906F00BA56E7 /* StoreKit.framework in Frameworks */,
				D048A84618ACB25200411DF9 /* GameKit.framework in Frameworks */,
				D0F0BB3718E905CE00809CA2 /* libGoogleAnalyticsServices.a in Frameworks */,
				D04F704218AA1197000509AA /* Social.framework in Frameworks */,
				D07F418018A4D8C7009680FD /* iAd.framework in Frameworks */,
				D0E30EDF18A37D6400FFD3CE /* QuartzCore.framework in Frameworks */,
				D0E30E8718A376E300FFD3CE /* CoreGraphics.framework in Frameworks */,
				D0E30E8918A376E300FFD3CE /* UIKit.framework in Frameworks */,
				D0E30E8518A376E300FFD3CE /* Foundation.framework in Frameworks */,
			);
			runOnlyForDeploymentPostprocessing = 0;
		};
		D0E30E9F18A376E300FFD3CE /* Frameworks */ = {
			isa = PBXFrameworksBuildPhase;
			buildActionMask = 2147483647;
			files = (
				D0E30EA418A376E300FFD3CE /* XCTest.framework in Frameworks */,
				D0E30EA618A376E300FFD3CE /* UIKit.framework in Frameworks */,
				D0E30EA518A376E300FFD3CE /* Foundation.framework in Frameworks */,
			);
			runOnlyForDeploymentPostprocessing = 0;
		};
/* End PBXFrameworksBuildPhase section */

/* Begin PBXGroup section */
		D015790618ACD9F500AA3803 /* Icons */ = {
			isa = PBXGroup;
			children = (
			);
			name = Icons;
			path = Resources/Icons;
			sourceTree = "<group>";
		};
		D05A82DA18B3223C003C18EB /* NumberGame */ = {
			isa = PBXGroup;
			children = (
				D05A82DB18B3223C003C18EB /* AppDelegate.h */,
				D05A82DC18B3223C003C18EB /* AppDelegate.m */,
				D05A82DD18B3223C003C18EB /* Classes */,
				D05A82F318B3223C003C18EB /* InfoPlist.strings */,
				D05A82F518B3223C003C18EB /* Images.xcassets */,
				D05A82F618B3223C003C18EB /* main.m */,
				D05A82F718B3223C003C18EB /* What Answer-Info.plist */,
				D05A82F818B3223C003C18EB /* What Answer-Prefix.pch */,
				D05A82F918B3223C003C18EB /* Xib */,
			);
			path = NumberGame;
			sourceTree = SOURCE_ROOT;
		};
		D05A82DD18B3223C003C18EB /* Classes */ = {
			isa = PBXGroup;
			children = (
				D05A82E118B3223C003C18EB /* GameConstants.h */,
				D05A82E218B3223C003C18EB /* GameConstants.m */,
				D05A82E318B3223C003C18EB /* GameViewController.h */,
				D05A82E418B3223C003C18EB /* GameViewController.m */,
				D05A82E718B3223C003C18EB /* MainView.h */,
				D05A82E818B3223C003C18EB /* MainView.m */,
				D05A82E918B3223C003C18EB /* MenuView.h */,
				D05A82EA18B3223C003C18EB /* MenuView.m */,
				D0E36B8718C28CE700BA56E7 /* NumberGameIAPHelper.h */,
				D0E36B8818C28CE700BA56E7 /* NumberGameIAPHelper.m */,
				D05A82EB18B3223C003C18EB /* NotificationManager.h */,
				D05A82EC18B3223C003C18EB /* NotificationManager.m */,
				D05A82EF18B3223C003C18EB /* ResultView.h */,
				D05A82F018B3223C003C18EB /* ResultView.m */,
				D0414E9618B36C6A00A296F6 /* NumberGameView.h */,
				D0414E9718B36C6A00A296F6 /* NumberGameView.m */,
				D0E364CF18BAFE9D00A5676B /* InGameMessageView.h */,
				D0E364D018BAFE9D00A5676B /* InGameMessageView.m */,
				D05A832F18B32785003C18EB /* NumberManager.h */,
				D05A833018B32785003C18EB /* NumberManager.m */,
				D0EB7A0B18BF239A00AC8CEB /* UserData.h */,
				D0EB7A0C18BF239A00AC8CEB /* UserData.m */,
				D0E1123618C30DE900808072 /* GameCenterHelper.h */,
				D0E1123718C30DE900808072 /* GameCenterHelper.m */,
			);
			path = Classes;
			sourceTree = "<group>";
		};
		D05A82F918B3223C003C18EB /* Xib */ = {
			isa = PBXGroup;
			children = (
				D0E3211218C87D9100600DF2 /* MainView~ipad.xib */,
				D05A82FE18B3223C003C18EB /* GameViewController.xib */,
				D05A830218B3223C003C18EB /* MainView.xib */,
				D0414E9418B36BD500A296F6 /* NumberGameView.xib */,
				D0E388B318C06F45001000FC /* ResultView.xib */,
				D0E364CD18BAFE8B00A5676B /* InGameMessageView.xib */,
				D0E0AE7818C5C6B30069D746 /* GameViewController~ipad.xib */,
				D0E0AE7D18C5C6B30069D746 /* NumberGameView~ipad.xib */,
				D0338B8718C6E06E0006C8B6 /* InGameMessageView~ipad.xib */,
				D092E5D618C83B39003A3862 /* ResultView~ipad.xib */,
				D0E3211018C87C4D00600DF2 /* MainWindow.xib */,
			);
			path = Xib;
			sourceTree = "<group>";
		};
		D0E1121B18C2EC6000808072 /* Sounds */ = {
			isa = PBXGroup;
			children = (
				D0E1123018C2ECF300808072 /* pop.caf */,
				D0E1123118C2ECF300808072 /* ticking.caf */,
				D0E1123418C2EDF000808072 /* bling.caf */,
				D0E1122118C2EC6000808072 /* boing.caf */,
				D0E1122518C2EC6000808072 /* winningEffect.caf */,
			);
			name = Sounds;
			path = Resources/Sounds;
			sourceTree = "<group>";
		};
		D0E30E7818A376E300FFD3CE = {
			isa = PBXGroup;
			children = (
				D0F0BAD118E905CD00809CA2 /* Base */,
				D05A82DA18B3223C003C18EB /* NumberGame */,
				D0E30ECD18A3780B00FFD3CE /* Resources */,
				D0E30E8318A376E300FFD3CE /* Frameworks */,
				D0E30E8218A376E300FFD3CE /* Products */,
			);
			sourceTree = "<group>";
		};
		D0E30E8218A376E300FFD3CE /* Products */ = {
			isa = PBXGroup;
			children = (
				D0E30E8118A376E300FFD3CE /* What Answer.app */,
				D0E30EA218A376E300FFD3CE /* What AnswerTests.xctest */,
			);
			name = Products;
			sourceTree = "<group>";
		};
		D0E30E8318A376E300FFD3CE /* Frameworks */ = {
			isa = PBXGroup;
			children = (
				D0F0BB6718E9061600809CA2 /* libz.dylib */,
				D0F0BB6518E9061000809CA2 /* SystemConfiguration.framework */,
				D0F0BB6318E9060700809CA2 /* CoreData.framework */,
				D0F0BACF18E905B400809CA2 /* AdSupport.framework */,
				D0E36B8A18C2906F00BA56E7 /* StoreKit.framework */,
				D048A84518ACB25200411DF9 /* GameKit.framework */,
				D04F704118AA1197000509AA /* Social.framework */,
				D07F417F18A4D8C7009680FD /* iAd.framework */,
				D0E30EDE18A37D6400FFD3CE /* QuartzCore.framework */,
				D0E30E8418A376E300FFD3CE /* Foundation.framework */,
				D0E30E8618A376E300FFD3CE /* CoreGraphics.framework */,
				D0E30E8818A376E300FFD3CE /* UIKit.framework */,
				D0E30EA318A376E300FFD3CE /* XCTest.framework */,
			);
			name = Frameworks;
			sourceTree = "<group>";
		};
		D0E30ECD18A3780B00FFD3CE /* Resources */ = {
			isa = PBXGroup;
			children = (
				D0E1121B18C2EC6000808072 /* Sounds */,
				D015790618ACD9F500AA3803 /* Icons */,
				D0E50A2818A7349300AA353E /* Images */,
			);
			name = Resources;
			sourceTree = "<group>";
		};
		D0E50A2818A7349300AA353E /* Images */ = {
			isa = PBXGroup;
			children = (
				D0338BB118C72DD30006C8B6 /* UnlockAnswer.png */,
				D0338B8918C713D60006C8B6 /* Achievementx1.png */,
				D0338B8A18C713D60006C8B6 /* Achievementx5.png */,
				D0338B8B18C713D60006C8B6 /* Achievementx10.png */,
				D0338B8C18C713D60006C8B6 /* Achievementx15.png */,
				D0338B8D18C713D60006C8B6 /* Achievementx20.png */,
				D0338B8E18C713D60006C8B6 /* Achievementx30.png */,
				D0338B8F18C713D60006C8B6 /* Achievementx40.png */,
				D0338B9018C713D60006C8B6 /* Achievementx50.png */,
				D0338B9118C713D60006C8B6 /* Achievementx60.png */,
				D0338B9218C713D60006C8B6 /* Achievementx75.png */,
				D0338B9318C713D60006C8B6 /* Achievementx90.png */,
				D0338B9418C713D60006C8B6 /* Achievementx115.png */,
				D0338B9518C713D60006C8B6 /* Achievementx130.png */,
				D0338B9618C713D60006C8B6 /* Achievementx150.png */,
				D0338B9718C713D60006C8B6 /* Achievementx170.png */,
				D0338B9818C713D60006C8B6 /* Achievementx200.png */,
				D0338B9918C713D60006C8B6 /* Achievementx250.png */,
				D0338B9A18C713D60006C8B6 /* Achievementx350.png */,
				D0338B9B18C713D60006C8B6 /* Achievementx500.png */,
				D0338B9C18C713D60006C8B6 /* Achievementx999.png */,
				D048A83D18ACAAAB00411DF9 /* facebook_share.png */,
				D048A83E18ACAAAB00411DF9 /* twitter_share.png */,
			);
			name = Images;
			path = Resources/Images;
			sourceTree = "<group>";
		};
		D0F0BAD118E905CD00809CA2 /* Base */ = {
			isa = PBXGroup;
			children = (
				D0F0BAD218E905CD00809CA2 /* Analytics */,
				D0F0BADD18E905CD00809CA2 /* Classes */,
				D0F0BB0F18E905CE00809CA2 /* FXLabel */,
				D0F0BB1218E905CE00809CA2 /* GameCenter */,
				D0F0BB1618E905CE00809CA2 /* iAP */,
				D0F0BB1918E905CE00809CA2 /* iRate */,
				D0F0BB1D18E905CE00809CA2 /* Promo */,
				D0F0BB3418E905CE00809CA2 /* THLabel */,
			);
			name = Base;
			path = ../Base;
			sourceTree = "<group>";
		};
		D0F0BAD218E905CD00809CA2 /* Analytics */ = {
			isa = PBXGroup;
			children = (
				D0F0BAD318E905CD00809CA2 /* Library */,
				D0F0BADB18E905CD00809CA2 /* TrackUtils.h */,
				D0F0BADC18E905CD00809CA2 /* TrackUtils.m */,
			);
			path = Analytics;
			sourceTree = "<group>";
		};
		D0F0BAD318E905CD00809CA2 /* Library */ = {
			isa = PBXGroup;
			children = (
				D0F0BAD418E905CD00809CA2 /* GAI.h */,
				D0F0BAD518E905CD00809CA2 /* GAIDictionaryBuilder.h */,
				D0F0BAD618E905CD00809CA2 /* GAIFields.h */,
				D0F0BAD718E905CD00809CA2 /* GAILogger.h */,
				D0F0BAD818E905CD00809CA2 /* GAITrackedViewController.h */,
				D0F0BAD918E905CD00809CA2 /* GAITracker.h */,
				D0F0BADA18E905CD00809CA2 /* libGoogleAnalyticsServices.a */,
			);
			path = Library;
			sourceTree = "<group>";
		};
		D0F0BADD18E905CD00809CA2 /* Classes */ = {
			isa = PBXGroup;
			children = (
				D0F0BADE18E905CD00809CA2 /* Base */,
				D0F0BAF218E905CE00809CA2 /* Componenets */,
				D0F0BAF518E905CE00809CA2 /* Network */,
				D0F0BAFA18E905CE00809CA2 /* Physics */,
				D0F0BAFF18E905CE00809CA2 /* Sounds */,
				D0F0BB0618E905CE00809CA2 /* Utils */,
			);
			path = Classes;
			sourceTree = "<group>";
		};
		D0F0BADE18E905CD00809CA2 /* Base */ = {
			isa = PBXGroup;
			children = (
				D0F0BADF18E905CD00809CA2 /* AppDelegateBase.h */,
				D0F0BAE018E905CD00809CA2 /* AppDelegateBase.m */,
				D0F0BAE118E905CD00809CA2 /* Base-Prefix.pch */,
				D0F0BAE218E905CD00809CA2 /* Base.h */,
				D0F0BAE318E905CD00809CA2 /* Base.m */,
				D0F0BAE418E905CD00809CA2 /* GameCenterHelperBase.h */,
				D0F0BAE518E905CD00809CA2 /* GameCenterHelperBase.m */,
				D0F0BAE618E905CD00809CA2 /* GameLoopTimer.h */,
				D0F0BAE718E905CD00809CA2 /* GameLoopTimer.m */,
				D0F0BAE818E905CD00809CA2 /* GameViewControllerBase.h */,
				D0F0BAE918E905CD00809CA2 /* GameViewControllerBase.m */,
				D0F0BAEA18E905CD00809CA2 /* Hex.h */,
				D0F0BAEB18E905CD00809CA2 /* Hex.m */,
				D0F0BAEC18E905CD00809CA2 /* NotificationManagerBase.h */,
				D0F0BAED18E905CE00809CA2 /* NotificationManagerBase.m */,
				D0F0BAEE18E905CE00809CA2 /* XibDialogView.h */,
				D0F0BAEF18E905CE00809CA2 /* XibDialogView.m */,
				D0F0BAF018E905CE00809CA2 /* XibView.h */,
				D0F0BAF118E905CE00809CA2 /* XibView.m */,
			);
			path = Base;
			sourceTree = "<group>";
		};
		D0F0BAF218E905CE00809CA2 /* Componenets */ = {
			isa = PBXGroup;
			children = (
				D0F0BAF318E905CE00809CA2 /* ProgressBarComponent.h */,
				D0F0BAF418E905CE00809CA2 /* ProgressBarComponent.m */,
			);
			path = Componenets;
			sourceTree = "<group>";
		};
		D0F0BAF518E905CE00809CA2 /* Network */ = {
			isa = PBXGroup;
			children = (
				D0F0BAF618E905CE00809CA2 /* AppInfoHTTPRequest.h */,
				D0F0BAF718E905CE00809CA2 /* AppInfoHTTPRequest.m */,
				D0F0BAF818E905CE00809CA2 /* HTTPRequest.h */,
				D0F0BAF918E905CE00809CA2 /* HTTPRequest.m */,
			);
			path = Network;
			sourceTree = "<group>";
		};
		D0F0BAFA18E905CE00809CA2 /* Physics */ = {
			isa = PBXGroup;
			children = (
				D0F0BAFB18E905CE00809CA2 /* WorldObjectProperties.h */,
				D0F0BAFC18E905CE00809CA2 /* WorldObjectProperties.m */,
				D0F0BAFD18E905CE00809CA2 /* WorldObjectView.h */,
				D0F0BAFE18E905CE00809CA2 /* WorldObjectView.m */,
			);
			path = Physics;
			sourceTree = "<group>";
		};
		D0F0BAFF18E905CE00809CA2 /* Sounds */ = {
			isa = PBXGroup;
			children = (
				D0F0BB0018E905CE00809CA2 /* SoundEffect.h */,
				D0F0BB0118E905CE00809CA2 /* SoundEffect.m */,
				D0F0BB0218E905CE00809CA2 /* SoundEffectHelper.h */,
				D0F0BB0318E905CE00809CA2 /* SoundEffectHelper.m */,
				D0F0BB0418E905CE00809CA2 /* SoundManager.h */,
				D0F0BB0518E905CE00809CA2 /* SoundManager.m */,
			);
			path = Sounds;
			sourceTree = "<group>";
		};
		D0F0BB0618E905CE00809CA2 /* Utils */ = {
			isa = PBXGroup;
			children = (
				D0F0BB0718E905CE00809CA2 /* AnimUtil.h */,
				D0F0BB0818E905CE00809CA2 /* AnimUtil.m */,
				D0F0BB0918E905CE00809CA2 /* NSArray+Util.h */,
				D0F0BB0A18E905CE00809CA2 /* NSArray+Util.m */,
				D0F0BB0B18E905CE00809CA2 /* UIView+ViewUtil.h */,
				D0F0BB0C18E905CE00809CA2 /* UIView+ViewUtil.m */,
				D0F0BB0D18E905CE00809CA2 /* Utils.h */,
				D0F0BB0E18E905CE00809CA2 /* Utils.m */,
			);
			path = Utils;
			sourceTree = "<group>";
		};
		D0F0BB0F18E905CE00809CA2 /* FXLabel */ = {
			isa = PBXGroup;
			children = (
				D0F0BB1018E905CE00809CA2 /* FXLabel.h */,
				D0F0BB1118E905CE00809CA2 /* FXLabel.m */,
			);
			path = FXLabel;
			sourceTree = "<group>";
		};
		D0F0BB1218E905CE00809CA2 /* GameCenter */ = {
			isa = PBXGroup;
			children = (
				D0F0BB1318E905CE00809CA2 /* AppSpecificValues.h */,
				D0F0BB1418E905CE00809CA2 /* GameCenterManager.h */,
				D0F0BB1518E905CE00809CA2 /* GameCenterManager.m */,
			);
			path = GameCenter;
			sourceTree = "<group>";
		};
		D0F0BB1618E905CE00809CA2 /* iAP */ = {
			isa = PBXGroup;
			children = (
				D0F0BB1718E905CE00809CA2 /* IAPHelper.h */,
				D0F0BB1818E905CE00809CA2 /* IAPHelper.m */,
			);
			path = iAP;
			sourceTree = "<group>";
		};
		D0F0BB1918E905CE00809CA2 /* iRate */ = {
			isa = PBXGroup;
			children = (
				D0F0BB1A18E905CE00809CA2 /* iRate.bundle */,
				D0F0BB1B18E905CE00809CA2 /* iRate.h */,
				D0F0BB1C18E905CE00809CA2 /* iRate.m */,
			);
			path = iRate;
			sourceTree = "<group>";
		};
		D0F0BB1D18E905CE00809CA2 /* Promo */ = {
			isa = PBXGroup;
			children = (
				D0F0BB1E18E905CE00809CA2 /* AppIcons */,
				D0F0BB2418E905CE00809CA2 /* Classes */,
			);
			path = Promo;
			sourceTree = "<group>";
		};
		D0F0BB1E18E905CE00809CA2 /* AppIcons */ = {
			isa = PBXGroup;
			children = (
				D0F0BB1F18E905CE00809CA2 /* FlappyBallIcon100x100.png */,
				D0F0BB2018E905CE00809CA2 /* NGIcon120.png */,
				D0F0BB2118E905CE00809CA2 /* RushyKnightIcon120.png */,
				D0F0BB2218E905CE00809CA2 /* ToiletRush120.png */,
				D0F0BB2318E905CE00809CA2 /* WTNappicon120x120.png */,
			);
			path = AppIcons;
			sourceTree = "<group>";
		};
		D0F0BB2418E905CE00809CA2 /* Classes */ = {
			isa = PBXGroup;
			children = (
				D0F0BB2518E905CE00809CA2 /* PromoBannerView.h */,
				D0F0BB2618E905CE00809CA2 /* PromoBannerView.m */,
				D0F0BB2718E905CE00809CA2 /* PromoBannerView.xib */,
				D0F0BB2818E905CE00809CA2 /* PromoBannerView~ipad.xib */,
				D0F0BB2918E905CE00809CA2 /* PromoDialogView.h */,
				D0F0BB2A18E905CE00809CA2 /* PromoDialogView.m */,
				D0F0BB2B18E905CE00809CA2 /* PromoDialogView.xib */,
				D0F0BB2C18E905CE00809CA2 /* PromoDialogView~ipad.xib */,
				D0F0BB2D18E905CE00809CA2 /* PromoGameData.h */,
				D0F0BB2E18E905CE00809CA2 /* PromoGameData.m */,
				D0F0BB2F18E905CE00809CA2 /* PromoIconView.h */,
				D0F0BB3018E905CE00809CA2 /* PromoIconView.m */,
				D0F0BB3118E905CE00809CA2 /* PromoIconView.xib */,
				D0F0BB3218E905CE00809CA2 /* PromoManager.h */,
				D0F0BB3318E905CE00809CA2 /* PromoManager.m */,
			);
			path = Classes;
			sourceTree = "<group>";
		};
		D0F0BB3418E905CE00809CA2 /* THLabel */ = {
			isa = PBXGroup;
			children = (
				D0F0BB3518E905CE00809CA2 /* THLabel.h */,
				D0F0BB3618E905CE00809CA2 /* THLabel.m */,
			);
			path = THLabel;
			sourceTree = "<group>";
		};
/* End PBXGroup section */

/* Begin PBXNativeTarget section */
		D0E30E8018A376E300FFD3CE /* What Answer */ = {
			isa = PBXNativeTarget;
			buildConfigurationList = D0E30EB318A376E300FFD3CE /* Build configuration list for PBXNativeTarget "What Answer" */;
			buildPhases = (
				D0E30E7D18A376E300FFD3CE /* Sources */,
				D0E30E7E18A376E300FFD3CE /* Frameworks */,
				D0E30E7F18A376E300FFD3CE /* Resources */,
			);
			buildRules = (
			);
			dependencies = (
			);
			name = "What Answer";
			productName = Bird;
			productReference = D0E30E8118A376E300FFD3CE /* What Answer.app */;
			productType = "com.apple.product-type.application";
		};
		D0E30EA118A376E300FFD3CE /* What AnswerTests */ = {
			isa = PBXNativeTarget;
			buildConfigurationList = D0E30EB618A376E300FFD3CE /* Build configuration list for PBXNativeTarget "What AnswerTests" */;
			buildPhases = (
				D0E30E9E18A376E300FFD3CE /* Sources */,
				D0E30E9F18A376E300FFD3CE /* Frameworks */,
				D0E30EA018A376E300FFD3CE /* Resources */,
			);
			buildRules = (
			);
			dependencies = (
				D0E30EA818A376E300FFD3CE /* PBXTargetDependency */,
			);
			name = "What AnswerTests";
			productName = BirdTests;
			productReference = D0E30EA218A376E300FFD3CE /* What AnswerTests.xctest */;
			productType = "com.apple.product-type.bundle.unit-test";
		};
/* End PBXNativeTarget section */

/* Begin PBXProject section */
		D0E30E7918A376E300FFD3CE /* Project object */ = {
			isa = PBXProject;
			attributes = {
				LastUpgradeCheck = 0500;
				ORGANIZATIONNAME = MacCoder;
				TargetAttributes = {
					D0E30E8018A376E300FFD3CE = {
						DevelopmentTeam = YS47XTCZZB;
					};
					D0E30EA118A376E300FFD3CE = {
						TestTargetID = D0E30E8018A376E300FFD3CE;
					};
				};
			};
			buildConfigurationList = D0E30E7C18A376E300FFD3CE /* Build configuration list for PBXProject "What Answer" */;
			compatibilityVersion = "Xcode 3.2";
			developmentRegion = English;
			hasScannedForEncodings = 0;
			knownRegions = (
				en,
				Base,
			);
			mainGroup = D0E30E7818A376E300FFD3CE;
			productRefGroup = D0E30E8218A376E300FFD3CE /* Products */;
			projectDirPath = "";
			projectRoot = "";
			targets = (
				D0E30E8018A376E300FFD3CE /* What Answer */,
				D0E30EA118A376E300FFD3CE /* What AnswerTests */,
			);
		};
/* End PBXProject section */

/* Begin PBXResourcesBuildPhase section */
		D0E30E7F18A376E300FFD3CE /* Resources */ = {
			isa = PBXResourcesBuildPhase;
			buildActionMask = 2147483647;
			files = (
				D092E5D718C83B39003A3862 /* ResultView~ipad.xib in Resources */,
				D0E388B418C06F45001000FC /* ResultView.xib in Resources */,
				D0338B9D18C713D60006C8B6 /* Achievementx1.png in Resources */,
				D0E0AE8518C5C6B30069D746 /* NumberGameView~ipad.xib in Resources */,
				D0338B9E18C713D60006C8B6 /* Achievementx5.png in Resources */,
				D0338B8818C6E06E0006C8B6 /* InGameMessageView~ipad.xib in Resources */,
				D0338BA418C713D60006C8B6 /* Achievementx50.png in Resources */,
				D0338BAF18C713D60006C8B6 /* Achievementx500.png in Resources */,
				D0338BAA18C713D60006C8B6 /* Achievementx150.png in Resources */,
				D05A831918B3223C003C18EB /* InfoPlist.strings in Resources */,
				D0F0BB5D18E905CE00809CA2 /* PromoDialogView~ipad.xib in Resources */,
				D0E1122F18C2EC6000808072 /* winningEffect.caf in Resources */,
				D05A831A18B3223C003C18EB /* Images.xcassets in Resources */,
				D0338BAD18C713D60006C8B6 /* Achievementx250.png in Resources */,
				D048A84018ACAAAB00411DF9 /* twitter_share.png in Resources */,
				D0338BA518C713D60006C8B6 /* Achievementx60.png in Resources */,
				D0F0BB5318E905CE00809CA2 /* FlappyBallIcon100x100.png in Resources */,
				D05A832418B3223C003C18EB /* MainView.xib in Resources */,
				D0338BA818C713D60006C8B6 /* Achievementx115.png in Resources */,
				D0F0BB5918E905CE00809CA2 /* PromoBannerView.xib in Resources */,
				D0E1122B18C2EC6000808072 /* boing.caf in Resources */,
				D0F0BB5518E905CE00809CA2 /* RushyKnightIcon120.png in Resources */,
				D0338BA618C713D60006C8B6 /* Achievementx75.png in Resources */,
				D0338BA718C713D60006C8B6 /* Achievementx90.png in Resources */,
				D0338BB018C713D60006C8B6 /* Achievementx999.png in Resources */,
				D0338BAE18C713D60006C8B6 /* Achievementx350.png in Resources */,
				D0E3211118C87C4D00600DF2 /* MainWindow.xib in Resources */,
				D0E1123318C2ECF300808072 /* ticking.caf in Resources */,
				D0338B9F18C713D60006C8B6 /* Achievementx10.png in Resources */,
				D0E364CE18BAFE8B00A5676B /* InGameMessageView.xib in Resources */,
				D05A832018B3223C003C18EB /* GameViewController.xib in Resources */,
				D0338BA018C713D60006C8B6 /* Achievementx15.png in Resources */,
				D0F0BB5418E905CE00809CA2 /* NGIcon120.png in Resources */,
				D0338BA118C713D60006C8B6 /* Achievementx20.png in Resources */,
				D0E0AE8018C5C6B30069D746 /* GameViewController~ipad.xib in Resources */,
				D0338BA318C713D60006C8B6 /* Achievementx40.png in Resources */,
				D0E1123518C2EDF000808072 /* bling.caf in Resources */,
				D0F0BB5C18E905CE00809CA2 /* PromoDialogView.xib in Resources */,
				D0338BA218C713D60006C8B6 /* Achievementx30.png in Resources */,
				D0F0BB5718E905CE00809CA2 /* WTNappicon120x120.png in Resources */,
				D0F0BB5618E905CE00809CA2 /* ToiletRush120.png in Resources */,
				D0E3211318C87D9100600DF2 /* MainView~ipad.xib in Resources */,
				D0338BB218C72DD30006C8B6 /* UnlockAnswer.png in Resources */,
				D0F0BB6018E905CE00809CA2 /* PromoIconView.xib in Resources */,
				D0E1123218C2ECF300808072 /* pop.caf in Resources */,
				D0338BAC18C713D60006C8B6 /* Achievementx200.png in Resources */,
				D0338BA918C713D60006C8B6 /* Achievementx130.png in Resources */,
				D0414E9518B36BD500A296F6 /* NumberGameView.xib in Resources */,
				D048A83F18ACAAAB00411DF9 /* facebook_share.png in Resources */,
				D0F0BB5A18E905CE00809CA2 /* PromoBannerView~ipad.xib in Resources */,
				D0338BAB18C713D60006C8B6 /* Achievementx170.png in Resources */,
				D0F0BB5118E905CE00809CA2 /* iRate.bundle in Resources */,
			);
			runOnlyForDeploymentPostprocessing = 0;
		};
		D0E30EA018A376E300FFD3CE /* Resources */ = {
			isa = PBXResourcesBuildPhase;
			buildActionMask = 2147483647;
			files = (
			);
			runOnlyForDeploymentPostprocessing = 0;
		};
/* End PBXResourcesBuildPhase section */

/* Begin PBXSourcesBuildPhase section */
		D0E30E7D18A376E300FFD3CE /* Sources */ = {
			isa = PBXSourcesBuildPhase;
			buildActionMask = 2147483647;
			files = (
				D0F0BB3E18E905CE00809CA2 /* Hex.m in Sources */,
				D0F0BB5018E905CE00809CA2 /* IAPHelper.m in Sources */,
				D0F0BB4318E905CE00809CA2 /* AppInfoHTTPRequest.m in Sources */,
				D0F0BB4518E905CE00809CA2 /* WorldObjectProperties.m in Sources */,
				D0F0BB6218E905CE00809CA2 /* THLabel.m in Sources */,
				D0F0BB5B18E905CE00809CA2 /* PromoDialogView.m in Sources */,
				D0F0BB4E18E905CE00809CA2 /* FXLabel.m in Sources */,
				D0F0BB4F18E905CE00809CA2 /* GameCenterManager.m in Sources */,
				D05A833118B32785003C18EB /* NumberManager.m in Sources */,
				D0F0BB4618E905CE00809CA2 /* WorldObjectView.m in Sources */,
				D0F0BB5E18E905CE00809CA2 /* PromoGameData.m in Sources */,
				D0E364D118BAFE9D00A5676B /* InGameMessageView.m in Sources */,
				D0F0BB3818E905CE00809CA2 /* TrackUtils.m in Sources */,
				D0F0BB6118E905CE00809CA2 /* PromoManager.m in Sources */,
				D0F0BB4818E905CE00809CA2 /* SoundEffectHelper.m in Sources */,
				D0F0BB3C18E905CE00809CA2 /* GameLoopTimer.m in Sources */,
				D0F0BB3918E905CE00809CA2 /* AppDelegateBase.m in Sources */,
				D0F0BB5F18E905CE00809CA2 /* PromoIconView.m in Sources */,
				D0F0BB4418E905CE00809CA2 /* HTTPRequest.m in Sources */,
				D0F0BB4718E905CE00809CA2 /* SoundEffect.m in Sources */,
				D05A831718B3223C003C18EB /* ResultView.m in Sources */,
				D0F0BB4918E905CE00809CA2 /* SoundManager.m in Sources */,
				D0F0BB3B18E905CE00809CA2 /* GameCenterHelperBase.m in Sources */,
				D05A831B18B3223C003C18EB /* main.m in Sources */,
				D05A830D18B3223C003C18EB /* AppDelegate.m in Sources */,
				D0F0BB4A18E905CE00809CA2 /* AnimUtil.m in Sources */,
				D05A831518B3223C003C18EB /* NotificationManager.m in Sources */,
				D0414E9818B36C6A00A296F6 /* NumberGameView.m in Sources */,
				D05A831418B3223C003C18EB /* MenuView.m in Sources */,
				D0E1123818C30DE900808072 /* GameCenterHelper.m in Sources */,
				D05A831018B3223C003C18EB /* GameConstants.m in Sources */,
				D0E36B8918C28CE700BA56E7 /* NumberGameIAPHelper.m in Sources */,
				D0F0BB3D18E905CE00809CA2 /* GameViewControllerBase.m in Sources */,
				D0F0BB4C18E905CE00809CA2 /* UIView+ViewUtil.m in Sources */,
				D0F0BB3A18E905CE00809CA2 /* Base.m in Sources */,
				D0F0BB4D18E905CE00809CA2 /* Utils.m in Sources */,
				D0F0BB5218E905CE00809CA2 /* iRate.m in Sources */,
				D0F0BB4118E905CE00809CA2 /* XibView.m in Sources */,
				D0F0BB4018E905CE00809CA2 /* XibDialogView.m in Sources */,
				D0F0BB4B18E905CE00809CA2 /* NSArray+Util.m in Sources */,
				D0EB7A0D18BF239A00AC8CEB /* UserData.m in Sources */,
				D0F0BB4218E905CE00809CA2 /* ProgressBarComponent.m in Sources */,
				D0F0BB5818E905CE00809CA2 /* PromoBannerView.m in Sources */,
				D05A831318B3223C003C18EB /* MainView.m in Sources */,
				D05A831118B3223C003C18EB /* GameViewController.m in Sources */,
				D0F0BB3F18E905CE00809CA2 /* NotificationManagerBase.m in Sources */,
			);
			runOnlyForDeploymentPostprocessing = 0;
		};
		D0E30E9E18A376E300FFD3CE /* Sources */ = {
			isa = PBXSourcesBuildPhase;
			buildActionMask = 2147483647;
			files = (
			);
			runOnlyForDeploymentPostprocessing = 0;
		};
/* End PBXSourcesBuildPhase section */

/* Begin PBXTargetDependency section */
		D0E30EA818A376E300FFD3CE /* PBXTargetDependency */ = {
			isa = PBXTargetDependency;
			target = D0E30E8018A376E300FFD3CE /* What Answer */;
			targetProxy = D0E30EA718A376E300FFD3CE /* PBXContainerItemProxy */;
		};
/* End PBXTargetDependency section */

/* Begin PBXVariantGroup section */
		D05A82F318B3223C003C18EB /* InfoPlist.strings */ = {
			isa = PBXVariantGroup;
			children = (
				D05A82F418B3223C003C18EB /* en */,
			);
			name = InfoPlist.strings;
			sourceTree = "<group>";
		};
/* End PBXVariantGroup section */

/* Begin XCBuildConfiguration section */
		D0E30EB118A376E300FFD3CE /* Debug */ = {
			isa = XCBuildConfiguration;
			buildSettings = {
				ALWAYS_SEARCH_USER_PATHS = NO;
				ARCHS = "$(ARCHS_STANDARD_INCLUDING_64_BIT)";
				CLANG_CXX_LANGUAGE_STANDARD = "gnu++0x";
				CLANG_CXX_LIBRARY = "libc++";
				CLANG_ENABLE_MODULES = YES;
				CLANG_ENABLE_OBJC_ARC = YES;
				CLANG_WARN_BOOL_CONVERSION = YES;
				CLANG_WARN_CONSTANT_CONVERSION = YES;
				CLANG_WARN_DIRECT_OBJC_ISA_USAGE = YES_ERROR;
				CLANG_WARN_EMPTY_BODY = YES;
				CLANG_WARN_ENUM_CONVERSION = YES;
				CLANG_WARN_INT_CONVERSION = YES;
				CLANG_WARN_OBJC_ROOT_CLASS = YES_ERROR;
				CLANG_WARN__DUPLICATE_METHOD_MATCH = YES;
				"CODE_SIGN_IDENTITY[sdk=iphoneos*]" = "iPhone Developer";
				COPY_PHASE_STRIP = NO;
				GCC_C_LANGUAGE_STANDARD = gnu99;
				GCC_DYNAMIC_NO_PIC = NO;
				GCC_OPTIMIZATION_LEVEL = 0;
				GCC_PREPROCESSOR_DEFINITIONS = (
					"DEBUG=1",
					"$(inherited)",
				);
				GCC_SYMBOLS_PRIVATE_EXTERN = NO;
				GCC_WARN_64_TO_32_BIT_CONVERSION = YES;
				GCC_WARN_ABOUT_RETURN_TYPE = YES_ERROR;
				GCC_WARN_UNDECLARED_SELECTOR = YES;
				GCC_WARN_UNINITIALIZED_AUTOS = YES;
				GCC_WARN_UNUSED_FUNCTION = YES;
				GCC_WARN_UNUSED_VARIABLE = YES;
				IPHONEOS_DEPLOYMENT_TARGET = 6.0;
				ONLY_ACTIVE_ARCH = YES;
				SDKROOT = iphoneos;
			};
			name = Debug;
		};
		D0E30EB218A376E300FFD3CE /* Release */ = {
			isa = XCBuildConfiguration;
			buildSettings = {
				ALWAYS_SEARCH_USER_PATHS = NO;
				ARCHS = "$(ARCHS_STANDARD_INCLUDING_64_BIT)";
				CLANG_CXX_LANGUAGE_STANDARD = "gnu++0x";
				CLANG_CXX_LIBRARY = "libc++";
				CLANG_ENABLE_MODULES = YES;
				CLANG_ENABLE_OBJC_ARC = YES;
				CLANG_WARN_BOOL_CONVERSION = YES;
				CLANG_WARN_CONSTANT_CONVERSION = YES;
				CLANG_WARN_DIRECT_OBJC_ISA_USAGE = YES_ERROR;
				CLANG_WARN_EMPTY_BODY = YES;
				CLANG_WARN_ENUM_CONVERSION = YES;
				CLANG_WARN_INT_CONVERSION = YES;
				CLANG_WARN_OBJC_ROOT_CLASS = YES_ERROR;
				CLANG_WARN__DUPLICATE_METHOD_MATCH = YES;
				"CODE_SIGN_IDENTITY[sdk=iphoneos*]" = "iPhone Developer";
				COPY_PHASE_STRIP = YES;
				ENABLE_NS_ASSERTIONS = NO;
				GCC_C_LANGUAGE_STANDARD = gnu99;
				GCC_WARN_64_TO_32_BIT_CONVERSION = YES;
				GCC_WARN_ABOUT_RETURN_TYPE = YES_ERROR;
				GCC_WARN_UNDECLARED_SELECTOR = YES;
				GCC_WARN_UNINITIALIZED_AUTOS = YES;
				GCC_WARN_UNUSED_FUNCTION = YES;
				GCC_WARN_UNUSED_VARIABLE = YES;
				IPHONEOS_DEPLOYMENT_TARGET = 6.0;
				SDKROOT = iphoneos;
				VALIDATE_PRODUCT = YES;
			};
			name = Release;
		};
		D0E30EB418A376E300FFD3CE /* Debug */ = {
			isa = XCBuildConfiguration;
			buildSettings = {
				ASSETCATALOG_COMPILER_APPICON_NAME = AppIcon;
				ASSETCATALOG_COMPILER_LAUNCHIMAGE_NAME = LaunchImage;
				BUNDLE_IDENTIFIER = com.jeffrwan.whatstheanswer;
				CODE_SIGN_IDENTITY = "iPhone Distribution: Jeffrey Wan (YS47XTCZZB)";
				"CODE_SIGN_IDENTITY[sdk=iphoneos*]" = "iPhone Distribution: Jeffrey Wan (YS47XTCZZB)";
				GCC_PRECOMPILE_PREFIX_HEADER = YES;
				GCC_PREFIX_HEADER = "NumberGame/What Answer-Prefix.pch";
				INFOPLIST_FILE = "NumberGame/What Answer-Info.plist";
				LIBRARY_SEARCH_PATHS = (
					"$(inherited)",
					/Users/15inch/Desktop/tut/iosdev/trunk/Base/Analytics/Library,
				);
				PRODUCT_NAME = "What Answer";
				PROVISIONING_PROFILE = "0FD55204-E553-47AF-8AE0-93F8919E1FCA";
				TARGETED_DEVICE_FAMILY = "1,2";
				WRAPPER_EXTENSION = app;
			};
			name = Debug;
		};
		D0E30EB518A376E300FFD3CE /* Release */ = {
			isa = XCBuildConfiguration;
			buildSettings = {
				ASSETCATALOG_COMPILER_APPICON_NAME = AppIcon;
				ASSETCATALOG_COMPILER_LAUNCHIMAGE_NAME = LaunchImage;
				BUNDLE_IDENTIFIER = com.jeffrwan.whatstheanswer;
				CODE_SIGN_IDENTITY = "iPhone Distribution: Jeffrey Wan (YS47XTCZZB)";
				"CODE_SIGN_IDENTITY[sdk=iphoneos*]" = "iPhone Distribution: Jeffrey Wan (YS47XTCZZB)";
				GCC_PRECOMPILE_PREFIX_HEADER = YES;
				GCC_PREFIX_HEADER = "NumberGame/What Answer-Prefix.pch";
				INFOPLIST_FILE = "NumberGame/What Answer-Info.plist";
				LIBRARY_SEARCH_PATHS = (
					"$(inherited)",
					/Users/15inch/Desktop/tut/iosdev/trunk/Base/Analytics/Library,
				);
				PRODUCT_NAME = "What Answer";
				PROVISIONING_PROFILE = "0FD55204-E553-47AF-8AE0-93F8919E1FCA";
				TARGETED_DEVICE_FAMILY = "1,2";
				WRAPPER_EXTENSION = app;
			};
			name = Release;
		};
		D0E30EB718A376E300FFD3CE /* Debug */ = {
			isa = XCBuildConfiguration;
			buildSettings = {
				ARCHS = "$(ARCHS_STANDARD_INCLUDING_64_BIT)";
				BUNDLE_LOADER = "$(BUILT_PRODUCTS_DIR)/NumberGame.app/NumberGame";
				FRAMEWORK_SEARCH_PATHS = (
					"$(SDKROOT)/Developer/Library/Frameworks",
					"$(inherited)",
					"$(DEVELOPER_FRAMEWORKS_DIR)",
				);
				GCC_PRECOMPILE_PREFIX_HEADER = YES;
				GCC_PREFIX_HEADER = "NumberGame/NumberGame-Prefix.pch";
				GCC_PREPROCESSOR_DEFINITIONS = (
					"DEBUG=1",
					"$(inherited)",
				);
				INFOPLIST_FILE = "NumberGameTests/NumberGameTests-Info.plist";
				PRODUCT_NAME = "What AnswerTests";
				TEST_HOST = "$(BUNDLE_LOADER)";
				WRAPPER_EXTENSION = xctest;
			};
			name = Debug;
		};
		D0E30EB818A376E300FFD3CE /* Release */ = {
			isa = XCBuildConfiguration;
			buildSettings = {
				ARCHS = "$(ARCHS_STANDARD_INCLUDING_64_BIT)";
				BUNDLE_LOADER = "$(BUILT_PRODUCTS_DIR)/NumberGame.app/NumberGame";
				FRAMEWORK_SEARCH_PATHS = (
					"$(SDKROOT)/Developer/Library/Frameworks",
					"$(inherited)",
					"$(DEVELOPER_FRAMEWORKS_DIR)",
				);
				GCC_PRECOMPILE_PREFIX_HEADER = YES;
				GCC_PREFIX_HEADER = "NumberGame/NumberGame-Prefix.pch";
				INFOPLIST_FILE = "NumberGameTests/NumberGameTests-Info.plist";
				PRODUCT_NAME = "What AnswerTests";
				TEST_HOST = "$(BUNDLE_LOADER)";
				WRAPPER_EXTENSION = xctest;
			};
			name = Release;
		};
/* End XCBuildConfiguration section */

/* Begin XCConfigurationList section */
		D0E30E7C18A376E300FFD3CE /* Build configuration list for PBXProject "What Answer" */ = {
			isa = XCConfigurationList;
			buildConfigurations = (
				D0E30EB118A376E300FFD3CE /* Debug */,
				D0E30EB218A376E300FFD3CE /* Release */,
			);
			defaultConfigurationIsVisible = 0;
			defaultConfigurationName = Release;
		};
		D0E30EB318A376E300FFD3CE /* Build configuration list for PBXNativeTarget "What Answer" */ = {
			isa = XCConfigurationList;
			buildConfigurations = (
				D0E30EB418A376E300FFD3CE /* Debug */,
				D0E30EB518A376E300FFD3CE /* Release */,
			);
			defaultConfigurationIsVisible = 0;
			defaultConfigurationName = Release;
		};
		D0E30EB618A376E300FFD3CE /* Build configuration list for PBXNativeTarget "What AnswerTests" */ = {
			isa = XCConfigurationList;
			buildConfigurations = (
				D0E30EB718A376E300FFD3CE /* Debug */,
				D0E30EB818A376E300FFD3CE /* Release */,
			);
			defaultConfigurationIsVisible = 0;
			defaultConfigurationName = Release;
		};
/* End XCConfigurationList section */
	};
	rootObject = D0E30E7918A376E300FFD3CE /* Project object */;
}
